// !$*UTF8*$!
{
	archiveVersion = 1;
	classes = {
	};
	objectVersion = 70;
	objects = {

/* Begin PBXBuildFile section */
		0800AAB1260B3ACC0010CA22 /* SliderTableViewCell.swift in Sources */ = {isa = PBXBuildFile; fileRef = 0800AAB0260B3ACC0010CA22 /* SliderTableViewCell.swift */; };
		0801844829CC4DF0003D48E1 /* SensorIdViewController.swift in Sources */ = {isa = PBXBuildFile; fileRef = 0801844729CC4DF0003D48E1 /* SensorIdViewController.swift */; };
		08024BF9273D089A004A4ADD /* SunriseSunsetViewController.swift in Sources */ = {isa = PBXBuildFile; fileRef = 08024BF8273D089A004A4ADD /* SunriseSunsetViewController.swift */; };
		08024BFB273D0A9E004A4ADD /* TitleTextFieldTableViewCell.swift in Sources */ = {isa = PBXBuildFile; fileRef = 08024BFA273D0A9E004A4ADD /* TitleTextFieldTableViewCell.swift */; };
		0815A0E726DDCB42003EEB08 /* LightRunningSelectModeViewController.swift in Sources */ = {isa = PBXBuildFile; fileRef = 0815A0E626DDCB42003EEB08 /* LightRunningSelectModeViewController.swift */; };
		0818AFC22B43F8C9003CC811 /* DaliSmartSwitchesController.swift in Sources */ = {isa = PBXBuildFile; fileRef = 0818AFC12B43F8C9003CC811 /* DaliSmartSwitchesController.swift */; };
		0818AFC62B43FA88003CC811 /* DaliActionSettingsController.swift in Sources */ = {isa = PBXBuildFile; fileRef = 0818AFC52B43FA88003CC811 /* DaliActionSettingsController.swift */; };
		081C7F8F2BEA157C00CFF844 /* DiscoverSensorViewController.swift in Sources */ = {isa = PBXBuildFile; fileRef = 081C7F8E2BEA157C00CFF844 /* DiscoverSensorViewController.swift */; };
		08270F7326E5FA8300088CE4 /* NodeAdvancedViewController.swift in Sources */ = {isa = PBXBuildFile; fileRef = 08270F7226E5FA8300088CE4 /* NodeAdvancedViewController.swift */; };
		08270F7626E5FB8300088CE4 /* GroupsTableViewController.swift in Sources */ = {isa = PBXBuildFile; fileRef = 08270F7526E5FB8300088CE4 /* GroupsTableViewController.swift */; };
		08270F7926E617AB00088CE4 /* GroupViewController.swift in Sources */ = {isa = PBXBuildFile; fileRef = 08270F7826E617AB00088CE4 /* GroupViewController.swift */; };
		082DFEBF25B02ED1004668EF /* NodeViewController.swift in Sources */ = {isa = PBXBuildFile; fileRef = 082DFEBE25B02ED1004668EF /* NodeViewController.swift */; };
		082DFEC325B0302E004668EF /* Localizable.strings in Resources */ = {isa = PBXBuildFile; fileRef = 082DFEC225B0302E004668EF /* Localizable.strings */; };
		082DFEC725B0307A004668EF /* Tools.swift in Sources */ = {isa = PBXBuildFile; fileRef = 082DFEC625B0307A004668EF /* Tools.swift */; };
		082DFED425B03113004668EF /* NetworksViewController.swift in Sources */ = {isa = PBXBuildFile; fileRef = 082DFED325B03113004668EF /* NetworksViewController.swift */; };
		082DFED825B034FA004668EF /* NetworkManager.swift in Sources */ = {isa = PBXBuildFile; fileRef = 082DFED725B034FA004668EF /* NetworkManager.swift */; };
		082DFEDE25B04B41004668EF /* NetworkViewController.swift in Sources */ = {isa = PBXBuildFile; fileRef = 082DFEDD25B04B41004668EF /* NetworkViewController.swift */; };
		082DFEE225B04CAF004668EF /* TelinkBleMeshExtensions.swift in Sources */ = {isa = PBXBuildFile; fileRef = 082DFEE125B04CAF004668EF /* TelinkBleMeshExtensions.swift */; };
		083098CF2C33D5F9000C35B6 /* UniversalRemoteSettingsController.swift in Sources */ = {isa = PBXBuildFile; fileRef = 083098CE2C33D5F9000C35B6 /* UniversalRemoteSettingsController.swift */; };
		0830C05A2A987E830006AA5D /* BleUartModuleDeviceController.swift in Sources */ = {isa = PBXBuildFile; fileRef = 0830C0592A987E830006AA5D /* BleUartModuleDeviceController.swift */; };
		08319B4C2C788E8100BECCDE /* BindToSensorsViewController.swift in Sources */ = {isa = PBXBuildFile; fileRef = 08319B4B2C788E8100BECCDE /* BindToSensorsViewController.swift */; };
		0835E9D12C7C1F7400A30AA7 /* BindSingleSensorViewController.swift in Sources */ = {isa = PBXBuildFile; fileRef = 0835E9D02C7C1F7400A30AA7 /* BindSingleSensorViewController.swift */; };
		0835E9D32C7C31D600A30AA7 /* SelectSingleSensorActionController.swift in Sources */ = {isa = PBXBuildFile; fileRef = 0835E9D22C7C31D600A30AA7 /* SelectSingleSensorActionController.swift */; };
		083C47DD2AD79EFC000EF91D /* UIAlertController+Extensions.swift in Sources */ = {isa = PBXBuildFile; fileRef = 083C47DC2AD79EFC000EF91D /* UIAlertController+Extensions.swift */; };
		084628682A66170C00A8DC1E /* FixAddressViewController.swift in Sources */ = {isa = PBXBuildFile; fileRef = 084628672A66170C00A8DC1E /* FixAddressViewController.swift */; };
		0846286A2A66198700A8DC1E /* FixNodesManager.swift in Sources */ = {isa = PBXBuildFile; fileRef = 084628692A66198700A8DC1E /* FixNodesManager.swift */; };
		0846286C2A663CF000A8DC1E /* FixMainViewController.swift in Sources */ = {isa = PBXBuildFile; fileRef = 0846286B2A663CF000A8DC1E /* FixMainViewController.swift */; };
		08473F8B2CC0BE2A002EBCDB /* CurtainViewController.swift in Sources */ = {isa = PBXBuildFile; fileRef = 08473F8A2CC0BE2A002EBCDB /* CurtainViewController.swift */; };
		0853FB212795118D00467342 /* EntertainmentViewController.swift in Sources */ = {isa = PBXBuildFile; fileRef = 0853FB202795118D00467342 /* EntertainmentViewController.swift */; };
		0855CB452A14C76D002C2614 /* NaturalLightViewController.swift in Sources */ = {isa = PBXBuildFile; fileRef = 0855CB442A14C76D002C2614 /* NaturalLightViewController.swift */; };
		08561DC826DCDB7600EC92D1 /* LightRunningViewController.swift in Sources */ = {isa = PBXBuildFile; fileRef = 08561DC726DCDB7600EC92D1 /* LightRunningViewController.swift */; };
		085651F32609F5C400C7FF8E /* DeviceViewController.swift in Sources */ = {isa = PBXBuildFile; fileRef = 085651F22609F5C400C7FF8E /* DeviceViewController.swift */; };
		085651FD2609F64400C7FF8E /* MyDevice.swift in Sources */ = {isa = PBXBuildFile; fileRef = 085651FC2609F64400C7FF8E /* MyDevice.swift */; };
		085BF2FD2C367909005C2C7F /* UniversalRemoteActionsController.swift in Sources */ = {isa = PBXBuildFile; fileRef = 085BF2FC2C367909005C2C7F /* UniversalRemoteActionsController.swift */; };
		086A250D273FD81100AEDCD7 /* SceneEditViewController.swift in Sources */ = {isa = PBXBuildFile; fileRef = 086A250C273FD81100AEDCD7 /* SceneEditViewController.swift */; };
		086A2512273FF54D00AEDCD7 /* AlarmsViewController.swift in Sources */ = {isa = PBXBuildFile; fileRef = 086A2511273FF54D00AEDCD7 /* AlarmsViewController.swift */; };
		086CECE827C8696B005718E3 /* GroupAdvancedViewController.swift in Sources */ = {isa = PBXBuildFile; fileRef = 086CECE727C8696B005718E3 /* GroupAdvancedViewController.swift */; };
		086CECEA27C86A5A005718E3 /* GroupSyncViewController.swift in Sources */ = {isa = PBXBuildFile; fileRef = 086CECE927C86A5A005718E3 /* GroupSyncViewController.swift */; };
		086CECEC27C8A6C2005718E3 /* FoundationExt.swift in Sources */ = {isa = PBXBuildFile; fileRef = 086CECEB27C8A6C2005718E3 /* FoundationExt.swift */; };
		086CECEF27C8B119005718E3 /* GroupControlViewController.swift in Sources */ = {isa = PBXBuildFile; fileRef = 086CECEE27C8B119005718E3 /* GroupControlViewController.swift */; };
		086CECF127C8B97A005718E3 /* GroupSettingsViewController.swift in Sources */ = {isa = PBXBuildFile; fileRef = 086CECF027C8B97A005718E3 /* GroupSettingsViewController.swift */; };
		086CECF327C8BCCD005718E3 /* GroupLightRunningViewController.swift in Sources */ = {isa = PBXBuildFile; fileRef = 086CECF227C8BCCD005718E3 /* GroupLightRunningViewController.swift */; };
		086CECF827CA1911005718E3 /* SmartSwitchViewController.swift in Sources */ = {isa = PBXBuildFile; fileRef = 086CECF727CA1911005718E3 /* SmartSwitchViewController.swift */; };
		088020B426AFC00900234231 /* SingleAddDeviceViewController.swift in Sources */ = {isa = PBXBuildFile; fileRef = 088020B326AFC00900234231 /* SingleAddDeviceViewController.swift */; };
		0885611D2C25783800DC970C /* UniversalRemoteController.swift in Sources */ = {isa = PBXBuildFile; fileRef = 0885611C2C25783800DC970C /* UniversalRemoteController.swift */; };
		088A389B2A05F80300D7BF0B /* DeviceRepairViewController.swift in Sources */ = {isa = PBXBuildFile; fileRef = 088A389A2A05F80300D7BF0B /* DeviceRepairViewController.swift */; };
		08966BC229CAF21200234C18 /* SensorActionViewController.swift in Sources */ = {isa = PBXBuildFile; fileRef = 08966BC129CAF21200234C18 /* SensorActionViewController.swift */; };
		08966BC429CAF33A00234C18 /* SensorEventViewController.swift in Sources */ = {isa = PBXBuildFile; fileRef = 08966BC329CAF33A00234C18 /* SensorEventViewController.swift */; };
		08995F872A9D97A500B1108E /* Toast in Frameworks */ = {isa = PBXBuildFile; productRef = 08995F862A9D97A500B1108E /* Toast */; };
		089A0B3E2A9F1DDE0013B800 /* BleUartModuleCommandsController.swift in Sources */ = {isa = PBXBuildFile; fileRef = 089A0B3D2A9F1DDE0013B800 /* BleUartModuleCommandsController.swift */; };
		08A6A597273E6132000F96F9 /* ScenesTableViewController.swift in Sources */ = {isa = PBXBuildFile; fileRef = 08A6A596273E6132000F96F9 /* ScenesTableViewController.swift */; };
		08A6A599273E6E6C000F96F9 /* SceneTableViewController.swift in Sources */ = {isa = PBXBuildFile; fileRef = 08A6A598273E6E6C000F96F9 /* SceneTableViewController.swift */; };
		08A7E9BF2AF32E8100BBA804 /* AppSettingsViewController.swift in Sources */ = {isa = PBXBuildFile; fileRef = 08A7E9BE2AF32E8100BBA804 /* AppSettingsViewController.swift */; };
		08AD22B626438E69000468AF /* DeviceAddressesViewController.swift in Sources */ = {isa = PBXBuildFile; fileRef = 08AD22B526438E69000468AF /* DeviceAddressesViewController.swift */; };
		08AD230E2643C019000468AF /* TelinkBleMesh in Frameworks */ = {isa = PBXBuildFile; productRef = 08AD230D2643C019000468AF /* TelinkBleMesh */; };
		08AD4C602857224000CD1809 /* GroupDevicesViewController.swift in Sources */ = {isa = PBXBuildFile; fileRef = 08AD4C5F2857224000CD1809 /* GroupDevicesViewController.swift */; };
		08AD4C612857224000CD1809 /* GroupDeviceViewController.swift in Sources */ = {isa = PBXBuildFile; fileRef = 08AD4C5E2857224000CD1809 /* GroupDeviceViewController.swift */; };
		08AE3C8A263BA0E500952791 /* DeviceSettingsViewController.swift in Sources */ = {isa = PBXBuildFile; fileRef = 08AE3C89263BA0E500952791 /* DeviceSettingsViewController.swift */; };
		08AE5E5329E69C1D00EC7991 /* NfcToolViewController.swift in Sources */ = {isa = PBXBuildFile; fileRef = 08AE5E5229E69C1D00EC7991 /* NfcToolViewController.swift */; };
		08AE7A372AA82E59007EABB8 /* BleUartModuleScenesController.swift in Sources */ = {isa = PBXBuildFile; fileRef = 08AE7A362AA82E59007EABB8 /* BleUartModuleScenesController.swift */; };
		08AE7A392AA82FFF007EABB8 /* BleUartModuleSceneSettingsController.swift in Sources */ = {isa = PBXBuildFile; fileRef = 08AE7A382AA82FFF007EABB8 /* BleUartModuleSceneSettingsController.swift */; };
		08AEE6EE265E524500986085 /* OtaTableViewController.swift in Sources */ = {isa = PBXBuildFile; fileRef = 08AEE6ED265E524500986085 /* OtaTableViewController.swift */; };
		08B0BF0B2AEF5CB700BA3F6D /* BleUartModuleDeviceConfigController.swift in Sources */ = {isa = PBXBuildFile; fileRef = 08B0BF0A2AEF5CB700BA3F6D /* BleUartModuleDeviceConfigController.swift */; };
		08BA290E29C2CD380012002E /* SensorOptionsViewController.swift in Sources */ = {isa = PBXBuildFile; fileRef = 08BA290D29C2CD380012002E /* SensorOptionsViewController.swift */; };
		08BAAC6426DF13340012CCFF /* LightRunningColorsViewController.swift in Sources */ = {isa = PBXBuildFile; fileRef = 08BAAC6326DF13340012CCFF /* LightRunningColorsViewController.swift */; };
		08BAAC6626DF13400012CCFF /* LightRunningAddColorViewController.swift in Sources */ = {isa = PBXBuildFile; fileRef = 08BAAC6526DF13400012CCFF /* LightRunningAddColorViewController.swift */; };
		08C2024A27CF181F0033FDB2 /* MechanicalSwitchModesViewController.swift in Sources */ = {isa = PBXBuildFile; fileRef = 08C2024927CF181F0033FDB2 /* MechanicalSwitchModesViewController.swift */; };
		08C2024C27CF575D0033FDB2 /* MechanicalLinkViewController.swift in Sources */ = {isa = PBXBuildFile; fileRef = 08C2024B27CF575D0033FDB2 /* MechanicalLinkViewController.swift */; };
		08C2024E27CF66D40033FDB2 /* MechanicalSwitchesViewController.swift in Sources */ = {isa = PBXBuildFile; fileRef = 08C2024D27CF66D40033FDB2 /* MechanicalSwitchesViewController.swift */; };
		08C7020727CE0DB800C80EE6 /* MechanicalSwitchViewController.swift in Sources */ = {isa = PBXBuildFile; fileRef = 08C7020627CE0DB800C80EE6 /* MechanicalSwitchViewController.swift */; };
		08CD46C32C797DC60085BCF8 /* BindMultiSensorViewController.swift in Sources */ = {isa = PBXBuildFile; fileRef = 08CD46C22C797DC60085BCF8 /* BindMultiSensorViewController.swift */; };
		08CD46C62C79D6620085BCF8 /* SelectMultiSensorActionController.swift in Sources */ = {isa = PBXBuildFile; fileRef = 08CD46C52C79D6620085BCF8 /* SelectMultiSensorActionController.swift */; };
		08CEF7872AA5B53700CC57F0 /* BleUartModuleLogController.swift in Sources */ = {isa = PBXBuildFile; fileRef = 08CEF7862AA5B53700CC57F0 /* BleUartModuleLogController.swift */; };
		08CEF7892AA6D1D100CC57F0 /* BleUartModuleGroupsController.swift in Sources */ = {isa = PBXBuildFile; fileRef = 08CEF7882AA6D1D100CC57F0 /* BleUartModuleGroupsController.swift */; };
		08CEF78B2AA6D3E300CC57F0 /* BleUartModuleGroupSettingsController.swift in Sources */ = {isa = PBXBuildFile; fileRef = 08CEF78A2AA6D3E300CC57F0 /* BleUartModuleGroupSettingsController.swift */; };
		08D046B32741EF4E00E0E55C /* WeekdaysViewController.swift in Sources */ = {isa = PBXBuildFile; fileRef = 08D046B22741EF4E00E0E55C /* WeekdaysViewController.swift */; };
		08D6AC1D260C36B100AEB39C /* SwitchTableViewCell.swift in Sources */ = {isa = PBXBuildFile; fileRef = 08D6AC1C260C36B100AEB39C /* SwitchTableViewCell.swift */; };
		08D706AB2CEC953400516A8B /* ManualLinkedSensorsController.swift in Sources */ = {isa = PBXBuildFile; fileRef = 08D706AA2CEC953400516A8B /* ManualLinkedSensorsController.swift */; };
		08D9F9532A94B712003DA827 /* BleUartModuleController.swift in Sources */ = {isa = PBXBuildFile; fileRef = 08D9F9522A94B712003DA827 /* BleUartModuleController.swift */; };
		08D9F9552A94C121003DA827 /* BleUartModuleDevicesController.swift in Sources */ = {isa = PBXBuildFile; fileRef = 08D9F9542A94C121003DA827 /* BleUartModuleDevicesController.swift */; };
		08DD4BEE2741018F00F1A257 /* AlarmViewController.swift in Sources */ = {isa = PBXBuildFile; fileRef = 08DD4BED2741018F00F1A257 /* AlarmViewController.swift */; };
		08DF3C9925AEF97000EC3AF7 /* AppDelegate.swift in Sources */ = {isa = PBXBuildFile; fileRef = 08DF3C9825AEF97000EC3AF7 /* AppDelegate.swift */; };
		08DF3CA225AEF97100EC3AF7 /* Assets.xcassets in Resources */ = {isa = PBXBuildFile; fileRef = 08DF3CA125AEF97100EC3AF7 /* Assets.xcassets */; };
		08DF3CA525AEF97100EC3AF7 /* LaunchScreen.storyboard in Resources */ = {isa = PBXBuildFile; fileRef = 08DF3CA325AEF97100EC3AF7 /* LaunchScreen.storyboard */; };
		08DF3CB025AEF97200EC3AF7 /* TelinkBleMeshSdkDemoTests.swift in Sources */ = {isa = PBXBuildFile; fileRef = 08DF3CAF25AEF97200EC3AF7 /* TelinkBleMeshSdkDemoTests.swift */; };
		08DF3CDC25AF107200EC3AF7 /* NodesViewController.swift in Sources */ = {isa = PBXBuildFile; fileRef = 08DF3CDB25AF107200EC3AF7 /* NodesViewController.swift */; };
		08E1EFAF26BCC97300D27582 /* OtaListViewController.swift in Sources */ = {isa = PBXBuildFile; fileRef = 08E1EFAE26BCC97300D27582 /* OtaListViewController.swift */; };
		08E393AE2755C63000D78685 /* RemoteSettingsViewController.swift in Sources */ = {isa = PBXBuildFile; fileRef = 08E393AD2755C63000D78685 /* RemoteSettingsViewController.swift */; };
		08E9B12C26F032A400E89BBA /* DevicePairingViewController.swift in Sources */ = {isa = PBXBuildFile; fileRef = 08E9B12B26F032A400E89BBA /* DevicePairingViewController.swift */; };
		08FA15FF2A0A4D9700573CD6 /* SetSmartSwitchViewController.swift in Sources */ = {isa = PBXBuildFile; fileRef = 08FA15FE2A0A4D9700573CD6 /* SetSmartSwitchViewController.swift */; };
/* End PBXBuildFile section */

/* Begin PBXContainerItemProxy section */
		08DF3CAC25AEF97200EC3AF7 /* PBXContainerItemProxy */ = {
			isa = PBXContainerItemProxy;
			containerPortal = 08DF3C8D25AEF97000EC3AF7 /* Project object */;
			proxyType = 1;
			remoteGlobalIDString = 08DF3C9425AEF97000EC3AF7;
			remoteInfo = TelinkBleMeshSdkDemo;
		};
/* End PBXContainerItemProxy section */

/* Begin PBXFileReference section */
		0800AAB0260B3ACC0010CA22 /* SliderTableViewCell.swift */ = {isa = PBXFileReference; lastKnownFileType = sourcecode.swift; path = SliderTableViewCell.swift; sourceTree = "<group>"; };
		0801844729CC4DF0003D48E1 /* SensorIdViewController.swift */ = {isa = PBXFileReference; lastKnownFileType = sourcecode.swift; path = SensorIdViewController.swift; sourceTree = "<group>"; };
		08024BF8273D089A004A4ADD /* SunriseSunsetViewController.swift */ = {isa = PBXFileReference; lastKnownFileType = sourcecode.swift; path = SunriseSunsetViewController.swift; sourceTree = "<group>"; };
		08024BFA273D0A9E004A4ADD /* TitleTextFieldTableViewCell.swift */ = {isa = PBXFileReference; lastKnownFileType = sourcecode.swift; path = TitleTextFieldTableViewCell.swift; sourceTree = "<group>"; };
		0815A0E626DDCB42003EEB08 /* LightRunningSelectModeViewController.swift */ = {isa = PBXFileReference; lastKnownFileType = sourcecode.swift; path = LightRunningSelectModeViewController.swift; sourceTree = "<group>"; };
		0818AFC12B43F8C9003CC811 /* DaliSmartSwitchesController.swift */ = {isa = PBXFileReference; lastKnownFileType = sourcecode.swift; path = DaliSmartSwitchesController.swift; sourceTree = "<group>"; };
		0818AFC52B43FA88003CC811 /* DaliActionSettingsController.swift */ = {isa = PBXFileReference; lastKnownFileType = sourcecode.swift; path = DaliActionSettingsController.swift; sourceTree = "<group>"; };
		081C7F8E2BEA157C00CFF844 /* DiscoverSensorViewController.swift */ = {isa = PBXFileReference; lastKnownFileType = sourcecode.swift; path = DiscoverSensorViewController.swift; sourceTree = "<group>"; };
		08270F7226E5FA8300088CE4 /* NodeAdvancedViewController.swift */ = {isa = PBXFileReference; lastKnownFileType = sourcecode.swift; path = NodeAdvancedViewController.swift; sourceTree = "<group>"; };
		08270F7526E5FB8300088CE4 /* GroupsTableViewController.swift */ = {isa = PBXFileReference; lastKnownFileType = sourcecode.swift; path = GroupsTableViewController.swift; sourceTree = "<group>"; };
		08270F7826E617AB00088CE4 /* GroupViewController.swift */ = {isa = PBXFileReference; lastKnownFileType = sourcecode.swift; path = GroupViewController.swift; sourceTree = "<group>"; };
		082DFEBE25B02ED1004668EF /* NodeViewController.swift */ = {isa = PBXFileReference; lastKnownFileType = sourcecode.swift; path = NodeViewController.swift; sourceTree = "<group>"; };
		082DFEC225B0302E004668EF /* Localizable.strings */ = {isa = PBXFileReference; lastKnownFileType = text.plist.strings; path = Localizable.strings; sourceTree = "<group>"; };
		082DFEC625B0307A004668EF /* Tools.swift */ = {isa = PBXFileReference; lastKnownFileType = sourcecode.swift; path = Tools.swift; sourceTree = "<group>"; };
		082DFED325B03113004668EF /* NetworksViewController.swift */ = {isa = PBXFileReference; lastKnownFileType = sourcecode.swift; path = NetworksViewController.swift; sourceTree = "<group>"; };
		082DFED725B034FA004668EF /* NetworkManager.swift */ = {isa = PBXFileReference; lastKnownFileType = sourcecode.swift; path = NetworkManager.swift; sourceTree = "<group>"; };
		082DFEDD25B04B41004668EF /* NetworkViewController.swift */ = {isa = PBXFileReference; lastKnownFileType = sourcecode.swift; path = NetworkViewController.swift; sourceTree = "<group>"; };
		082DFEE125B04CAF004668EF /* TelinkBleMeshExtensions.swift */ = {isa = PBXFileReference; lastKnownFileType = sourcecode.swift; path = TelinkBleMeshExtensions.swift; sourceTree = "<group>"; };
		083098CE2C33D5F9000C35B6 /* UniversalRemoteSettingsController.swift */ = {isa = PBXFileReference; lastKnownFileType = sourcecode.swift; path = UniversalRemoteSettingsController.swift; sourceTree = "<group>"; };
		0830C0592A987E830006AA5D /* BleUartModuleDeviceController.swift */ = {isa = PBXFileReference; lastKnownFileType = sourcecode.swift; path = BleUartModuleDeviceController.swift; sourceTree = "<group>"; };
		08319B4B2C788E8100BECCDE /* BindToSensorsViewController.swift */ = {isa = PBXFileReference; lastKnownFileType = sourcecode.swift; path = BindToSensorsViewController.swift; sourceTree = "<group>"; };
		0835E9D02C7C1F7400A30AA7 /* BindSingleSensorViewController.swift */ = {isa = PBXFileReference; lastKnownFileType = sourcecode.swift; path = BindSingleSensorViewController.swift; sourceTree = "<group>"; };
		0835E9D22C7C31D600A30AA7 /* SelectSingleSensorActionController.swift */ = {isa = PBXFileReference; lastKnownFileType = sourcecode.swift; path = SelectSingleSensorActionController.swift; sourceTree = "<group>"; };
		083C47DC2AD79EFC000EF91D /* UIAlertController+Extensions.swift */ = {isa = PBXFileReference; lastKnownFileType = sourcecode.swift; path = "UIAlertController+Extensions.swift"; sourceTree = "<group>"; };
		084628672A66170C00A8DC1E /* FixAddressViewController.swift */ = {isa = PBXFileReference; lastKnownFileType = sourcecode.swift; path = FixAddressViewController.swift; sourceTree = "<group>"; };
		084628692A66198700A8DC1E /* FixNodesManager.swift */ = {isa = PBXFileReference; lastKnownFileType = sourcecode.swift; path = FixNodesManager.swift; sourceTree = "<group>"; };
		0846286B2A663CF000A8DC1E /* FixMainViewController.swift */ = {isa = PBXFileReference; lastKnownFileType = sourcecode.swift; path = FixMainViewController.swift; sourceTree = "<group>"; };
		08473F8A2CC0BE2A002EBCDB /* CurtainViewController.swift */ = {isa = PBXFileReference; lastKnownFileType = sourcecode.swift; path = CurtainViewController.swift; sourceTree = "<group>"; };
		0853FB202795118D00467342 /* EntertainmentViewController.swift */ = {isa = PBXFileReference; lastKnownFileType = sourcecode.swift; path = EntertainmentViewController.swift; sourceTree = "<group>"; };
		0855CB442A14C76D002C2614 /* NaturalLightViewController.swift */ = {isa = PBXFileReference; lastKnownFileType = sourcecode.swift; path = NaturalLightViewController.swift; sourceTree = "<group>"; };
		08561DC726DCDB7600EC92D1 /* LightRunningViewController.swift */ = {isa = PBXFileReference; lastKnownFileType = sourcecode.swift; path = LightRunningViewController.swift; sourceTree = "<group>"; };
		085651F22609F5C400C7FF8E /* DeviceViewController.swift */ = {isa = PBXFileReference; lastKnownFileType = sourcecode.swift; path = DeviceViewController.swift; sourceTree = "<group>"; };
		085651FC2609F64400C7FF8E /* MyDevice.swift */ = {isa = PBXFileReference; lastKnownFileType = sourcecode.swift; path = MyDevice.swift; sourceTree = "<group>"; };
		085BF2FC2C367909005C2C7F /* UniversalRemoteActionsController.swift */ = {isa = PBXFileReference; lastKnownFileType = sourcecode.swift; path = UniversalRemoteActionsController.swift; sourceTree = "<group>"; };
		086A250C273FD81100AEDCD7 /* SceneEditViewController.swift */ = {isa = PBXFileReference; lastKnownFileType = sourcecode.swift; path = SceneEditViewController.swift; sourceTree = "<group>"; };
		086A2511273FF54D00AEDCD7 /* AlarmsViewController.swift */ = {isa = PBXFileReference; lastKnownFileType = sourcecode.swift; path = AlarmsViewController.swift; sourceTree = "<group>"; };
		086CECE727C8696B005718E3 /* GroupAdvancedViewController.swift */ = {isa = PBXFileReference; lastKnownFileType = sourcecode.swift; path = GroupAdvancedViewController.swift; sourceTree = "<group>"; };
		086CECE927C86A5A005718E3 /* GroupSyncViewController.swift */ = {isa = PBXFileReference; lastKnownFileType = sourcecode.swift; path = GroupSyncViewController.swift; sourceTree = "<group>"; };
		086CECEB27C8A6C2005718E3 /* FoundationExt.swift */ = {isa = PBXFileReference; lastKnownFileType = sourcecode.swift; path = FoundationExt.swift; sourceTree = "<group>"; };
		086CECEE27C8B119005718E3 /* GroupControlViewController.swift */ = {isa = PBXFileReference; lastKnownFileType = sourcecode.swift; path = GroupControlViewController.swift; sourceTree = "<group>"; };
		086CECF027C8B97A005718E3 /* GroupSettingsViewController.swift */ = {isa = PBXFileReference; lastKnownFileType = sourcecode.swift; path = GroupSettingsViewController.swift; sourceTree = "<group>"; };
		086CECF227C8BCCD005718E3 /* GroupLightRunningViewController.swift */ = {isa = PBXFileReference; lastKnownFileType = sourcecode.swift; path = GroupLightRunningViewController.swift; sourceTree = "<group>"; };
		086CECF727CA1911005718E3 /* SmartSwitchViewController.swift */ = {isa = PBXFileReference; lastKnownFileType = sourcecode.swift; path = SmartSwitchViewController.swift; sourceTree = "<group>"; };
		088020B326AFC00900234231 /* SingleAddDeviceViewController.swift */ = {isa = PBXFileReference; lastKnownFileType = sourcecode.swift; path = SingleAddDeviceViewController.swift; sourceTree = "<group>"; };
		0885611C2C25783800DC970C /* UniversalRemoteController.swift */ = {isa = PBXFileReference; lastKnownFileType = sourcecode.swift; path = UniversalRemoteController.swift; sourceTree = "<group>"; };
		088A389A2A05F80300D7BF0B /* DeviceRepairViewController.swift */ = {isa = PBXFileReference; lastKnownFileType = sourcecode.swift; path = DeviceRepairViewController.swift; sourceTree = "<group>"; };
		08966BC129CAF21200234C18 /* SensorActionViewController.swift */ = {isa = PBXFileReference; lastKnownFileType = sourcecode.swift; path = SensorActionViewController.swift; sourceTree = "<group>"; };
		08966BC329CAF33A00234C18 /* SensorEventViewController.swift */ = {isa = PBXFileReference; lastKnownFileType = sourcecode.swift; path = SensorEventViewController.swift; sourceTree = "<group>"; };
		089A0B3D2A9F1DDE0013B800 /* BleUartModuleCommandsController.swift */ = {isa = PBXFileReference; lastKnownFileType = sourcecode.swift; path = BleUartModuleCommandsController.swift; sourceTree = "<group>"; };
		08A6A596273E6132000F96F9 /* ScenesTableViewController.swift */ = {isa = PBXFileReference; lastKnownFileType = sourcecode.swift; path = ScenesTableViewController.swift; sourceTree = "<group>"; };
		08A6A598273E6E6C000F96F9 /* SceneTableViewController.swift */ = {isa = PBXFileReference; lastKnownFileType = sourcecode.swift; path = SceneTableViewController.swift; sourceTree = "<group>"; };
		08A7E9BE2AF32E8100BBA804 /* AppSettingsViewController.swift */ = {isa = PBXFileReference; lastKnownFileType = sourcecode.swift; path = AppSettingsViewController.swift; sourceTree = "<group>"; };
		08AD22B526438E69000468AF /* DeviceAddressesViewController.swift */ = {isa = PBXFileReference; lastKnownFileType = sourcecode.swift; path = DeviceAddressesViewController.swift; sourceTree = "<group>"; };
		08AD22C02643BE12000468AF /* workspace-state.json */ = {isa = PBXFileReference; lastKnownFileType = text.json; path = "workspace-state.json"; sourceTree = "<group>"; };
		08AD22C32643BE12000468AF /* manifest.db */ = {isa = PBXFileReference; lastKnownFileType = file; path = manifest.db; sourceTree = "<group>"; };
		08AD22C52643BE12000468AF /* LinuxMain.swift */ = {isa = PBXFileReference; lastKnownFileType = sourcecode.swift; path = LinuxMain.swift; sourceTree = "<group>"; };
		08AD22C72643BE12000468AF /* XCTestManifests.swift */ = {isa = PBXFileReference; lastKnownFileType = sourcecode.swift; path = XCTestManifests.swift; sourceTree = "<group>"; };
		08AD22C82643BE12000468AF /* TelinkBleMeshTests.swift */ = {isa = PBXFileReference; lastKnownFileType = sourcecode.swift; path = TelinkBleMeshTests.swift; sourceTree = "<group>"; };
		08AD22C92643BE12000468AF /* README.md */ = {isa = PBXFileReference; lastKnownFileType = net.daringfireball.markdown; path = README.md; sourceTree = "<group>"; };
		08AD22CB2643BE12000468AF /* .gitignore */ = {isa = PBXFileReference; lastKnownFileType = text; path = .gitignore; sourceTree = "<group>"; };
		08AD22CC2643BE12000468AF /* Package.swift */ = {isa = PBXFileReference; lastKnownFileType = sourcecode.swift; path = Package.swift; sourceTree = "<group>"; };
		08AD22D22643BE12000468AF /* Tools.swift */ = {isa = PBXFileReference; lastKnownFileType = sourcecode.swift; path = Tools.swift; sourceTree = "<group>"; };
		08AD22D32643BE12000468AF /* SampleCommandCenter.swift */ = {isa = PBXFileReference; lastKnownFileType = sourcecode.swift; path = SampleCommandCenter.swift; sourceTree = "<group>"; };
		08AD22D42643BE12000468AF /* RepeatingTimer.swift */ = {isa = PBXFileReference; lastKnownFileType = sourcecode.swift; path = RepeatingTimer.swift; sourceTree = "<group>"; };
		08AD22D52643BE12000468AF /* MeshManager.swift */ = {isa = PBXFileReference; lastKnownFileType = sourcecode.swift; path = MeshManager.swift; sourceTree = "<group>"; };
		08AD22D62643BE12000468AF /* MeshAddressManager.swift */ = {isa = PBXFileReference; lastKnownFileType = sourcecode.swift; path = MeshAddressManager.swift; sourceTree = "<group>"; };
		08AD22DD2643BE12000468AF /* CryptoAction.h */ = {isa = PBXFileReference; lastKnownFileType = sourcecode.c.h; path = CryptoAction.h; sourceTree = "<group>"; };
		08AD22DE2643BE12000468AF /* CryptoUtil.c */ = {isa = PBXFileReference; lastKnownFileType = sourcecode.c.c; path = CryptoUtil.c; sourceTree = "<group>"; };
		08AD22DF2643BE12000468AF /* CryptoAction.m */ = {isa = PBXFileReference; lastKnownFileType = sourcecode.c.objc; path = CryptoAction.m; sourceTree = "<group>"; };
		08AD22E02643BE12000468AF /* CryptoUtil.h */ = {isa = PBXFileReference; lastKnownFileType = sourcecode.c.h; path = CryptoUtil.h; sourceTree = "<group>"; };
		08AD22E32643BE12000468AF /* TelinkBleMeshSdkDemoTests.swift */ = {isa = PBXFileReference; lastKnownFileType = sourcecode.swift; path = TelinkBleMeshSdkDemoTests.swift; sourceTree = "<group>"; };
		08AD22E42643BE12000468AF /* Info.plist */ = {isa = PBXFileReference; lastKnownFileType = text.plist.xml; path = Info.plist; sourceTree = "<group>"; };
		08AD22E62643BE12000468AF /* Assets.xcassets */ = {isa = PBXFileReference; lastKnownFileType = folder.assetcatalog; path = Assets.xcassets; sourceTree = "<group>"; };
		08AD22E82643BE12000468AF /* TelinkBleMeshExtensions.swift */ = {isa = PBXFileReference; lastKnownFileType = sourcecode.swift; path = TelinkBleMeshExtensions.swift; sourceTree = "<group>"; };
		08AD22E92643BE12000468AF /* NetworkManager.swift */ = {isa = PBXFileReference; lastKnownFileType = sourcecode.swift; path = NetworkManager.swift; sourceTree = "<group>"; };
		08AD22EA2643BE12000468AF /* Tools.swift */ = {isa = PBXFileReference; lastKnownFileType = sourcecode.swift; path = Tools.swift; sourceTree = "<group>"; };
		08AD22EB2643BE12000468AF /* MyDevice.swift */ = {isa = PBXFileReference; lastKnownFileType = sourcecode.swift; path = MyDevice.swift; sourceTree = "<group>"; };
		08AD22ED2643BE12000468AF /* Base */ = {isa = PBXFileReference; lastKnownFileType = file.storyboard; name = Base; path = Base.lproj/LaunchScreen.storyboard; sourceTree = "<group>"; };
		08AD22EE2643BE12000468AF /* Localizable.strings */ = {isa = PBXFileReference; lastKnownFileType = text.plist.strings; path = Localizable.strings; sourceTree = "<group>"; };
		08AD22F02643BE12000468AF /* NodesViewController.swift */ = {isa = PBXFileReference; lastKnownFileType = sourcecode.swift; path = NodesViewController.swift; sourceTree = "<group>"; };
		08AD22F12643BE12000468AF /* NetworkViewController.swift */ = {isa = PBXFileReference; lastKnownFileType = sourcecode.swift; path = NetworkViewController.swift; sourceTree = "<group>"; };
		08AD22F22643BE12000468AF /* NetworksViewController.swift */ = {isa = PBXFileReference; lastKnownFileType = sourcecode.swift; path = NetworksViewController.swift; sourceTree = "<group>"; };
		08AD22F42643BE12000468AF /* DeviceViewController.swift */ = {isa = PBXFileReference; lastKnownFileType = sourcecode.swift; path = DeviceViewController.swift; sourceTree = "<group>"; };
		08AD22F52643BE12000468AF /* DeviceSettingsViewController.swift */ = {isa = PBXFileReference; lastKnownFileType = sourcecode.swift; path = DeviceSettingsViewController.swift; sourceTree = "<group>"; };
		08AD22F62643BE12000468AF /* DeviceAddressesViewController.swift */ = {isa = PBXFileReference; lastKnownFileType = sourcecode.swift; path = DeviceAddressesViewController.swift; sourceTree = "<group>"; };
		08AD22F72643BE12000468AF /* AddDeviceViewController.swift */ = {isa = PBXFileReference; lastKnownFileType = sourcecode.swift; path = AddDeviceViewController.swift; sourceTree = "<group>"; };
		08AD22F82643BE12000468AF /* NodeViewController.swift */ = {isa = PBXFileReference; lastKnownFileType = sourcecode.swift; path = NodeViewController.swift; sourceTree = "<group>"; };
		08AD22F92643BE12000468AF /* AppDelegate.swift */ = {isa = PBXFileReference; lastKnownFileType = sourcecode.swift; path = AppDelegate.swift; sourceTree = "<group>"; };
		08AD22FB2643BE12000468AF /* SliderTableViewCell.swift */ = {isa = PBXFileReference; lastKnownFileType = sourcecode.swift; path = SliderTableViewCell.swift; sourceTree = "<group>"; };
		08AD22FC2643BE12000468AF /* SwitchTableViewCell.swift */ = {isa = PBXFileReference; lastKnownFileType = sourcecode.swift; path = SwitchTableViewCell.swift; sourceTree = "<group>"; };
		08AD22FD2643BE12000468AF /* Info.plist */ = {isa = PBXFileReference; lastKnownFileType = text.plist.xml; path = Info.plist; sourceTree = "<group>"; };
		08AD22FE2643BE12000468AF /* TelinkBleMeshSdkDemo.xcodeproj */ = {isa = PBXFileReference; lastKnownFileType = "wrapper.pb-project"; path = TelinkBleMeshSdkDemo.xcodeproj; sourceTree = "<group>"; };
		08AD23062643BE12000468AF /* xcschememanagement.plist */ = {isa = PBXFileReference; lastKnownFileType = text.plist.xml; path = xcschememanagement.plist; sourceTree = "<group>"; };
		08AD4C5E2857224000CD1809 /* GroupDeviceViewController.swift */ = {isa = PBXFileReference; lastKnownFileType = sourcecode.swift; path = GroupDeviceViewController.swift; sourceTree = "<group>"; };
		08AD4C5F2857224000CD1809 /* GroupDevicesViewController.swift */ = {isa = PBXFileReference; lastKnownFileType = sourcecode.swift; path = GroupDevicesViewController.swift; sourceTree = "<group>"; };
		08AE3C89263BA0E500952791 /* DeviceSettingsViewController.swift */ = {isa = PBXFileReference; lastKnownFileType = sourcecode.swift; path = DeviceSettingsViewController.swift; sourceTree = "<group>"; };
		08AE5E5229E69C1D00EC7991 /* NfcToolViewController.swift */ = {isa = PBXFileReference; lastKnownFileType = sourcecode.swift; path = NfcToolViewController.swift; sourceTree = "<group>"; };
		08AE7A362AA82E59007EABB8 /* BleUartModuleScenesController.swift */ = {isa = PBXFileReference; lastKnownFileType = sourcecode.swift; path = BleUartModuleScenesController.swift; sourceTree = "<group>"; };
		08AE7A382AA82FFF007EABB8 /* BleUartModuleSceneSettingsController.swift */ = {isa = PBXFileReference; lastKnownFileType = sourcecode.swift; path = BleUartModuleSceneSettingsController.swift; sourceTree = "<group>"; };
		08AEE6ED265E524500986085 /* OtaTableViewController.swift */ = {isa = PBXFileReference; lastKnownFileType = sourcecode.swift; path = OtaTableViewController.swift; sourceTree = "<group>"; };
		08B0BF0A2AEF5CB700BA3F6D /* BleUartModuleDeviceConfigController.swift */ = {isa = PBXFileReference; lastKnownFileType = sourcecode.swift; path = BleUartModuleDeviceConfigController.swift; sourceTree = "<group>"; };
		08BA290D29C2CD380012002E /* SensorOptionsViewController.swift */ = {isa = PBXFileReference; lastKnownFileType = sourcecode.swift; path = SensorOptionsViewController.swift; sourceTree = "<group>"; };
		08BAAC6326DF13340012CCFF /* LightRunningColorsViewController.swift */ = {isa = PBXFileReference; lastKnownFileType = sourcecode.swift; path = LightRunningColorsViewController.swift; sourceTree = "<group>"; };
		08BAAC6526DF13400012CCFF /* LightRunningAddColorViewController.swift */ = {isa = PBXFileReference; lastKnownFileType = sourcecode.swift; path = LightRunningAddColorViewController.swift; sourceTree = "<group>"; };
		08C2024927CF181F0033FDB2 /* MechanicalSwitchModesViewController.swift */ = {isa = PBXFileReference; lastKnownFileType = sourcecode.swift; path = MechanicalSwitchModesViewController.swift; sourceTree = "<group>"; };
		08C2024B27CF575D0033FDB2 /* MechanicalLinkViewController.swift */ = {isa = PBXFileReference; lastKnownFileType = sourcecode.swift; path = MechanicalLinkViewController.swift; sourceTree = "<group>"; };
		08C2024D27CF66D40033FDB2 /* MechanicalSwitchesViewController.swift */ = {isa = PBXFileReference; lastKnownFileType = sourcecode.swift; path = MechanicalSwitchesViewController.swift; sourceTree = "<group>"; };
		08C7020527CDCCEF00C80EE6 /* TelinkBleMeshSdkDemo.entitlements */ = {isa = PBXFileReference; lastKnownFileType = text.plist.entitlements; path = TelinkBleMeshSdkDemo.entitlements; sourceTree = "<group>"; };
		08C7020627CE0DB800C80EE6 /* MechanicalSwitchViewController.swift */ = {isa = PBXFileReference; lastKnownFileType = sourcecode.swift; path = MechanicalSwitchViewController.swift; sourceTree = "<group>"; };
		08CD46C22C797DC60085BCF8 /* BindMultiSensorViewController.swift */ = {isa = PBXFileReference; lastKnownFileType = sourcecode.swift; path = BindMultiSensorViewController.swift; sourceTree = "<group>"; };
		08CD46C52C79D6620085BCF8 /* SelectMultiSensorActionController.swift */ = {isa = PBXFileReference; lastKnownFileType = sourcecode.swift; path = SelectMultiSensorActionController.swift; sourceTree = "<group>"; };
		08CEF7862AA5B53700CC57F0 /* BleUartModuleLogController.swift */ = {isa = PBXFileReference; lastKnownFileType = sourcecode.swift; path = BleUartModuleLogController.swift; sourceTree = "<group>"; };
		08CEF7882AA6D1D100CC57F0 /* BleUartModuleGroupsController.swift */ = {isa = PBXFileReference; lastKnownFileType = sourcecode.swift; path = BleUartModuleGroupsController.swift; sourceTree = "<group>"; };
		08CEF78A2AA6D3E300CC57F0 /* BleUartModuleGroupSettingsController.swift */ = {isa = PBXFileReference; lastKnownFileType = sourcecode.swift; path = BleUartModuleGroupSettingsController.swift; sourceTree = "<group>"; };
		08D046B22741EF4E00E0E55C /* WeekdaysViewController.swift */ = {isa = PBXFileReference; lastKnownFileType = sourcecode.swift; path = WeekdaysViewController.swift; sourceTree = "<group>"; };
		08D6AC1C260C36B100AEB39C /* SwitchTableViewCell.swift */ = {isa = PBXFileReference; lastKnownFileType = sourcecode.swift; path = SwitchTableViewCell.swift; sourceTree = "<group>"; };
		08D706AA2CEC953400516A8B /* ManualLinkedSensorsController.swift */ = {isa = PBXFileReference; lastKnownFileType = sourcecode.swift; path = ManualLinkedSensorsController.swift; sourceTree = "<group>"; };
		08D9F9522A94B712003DA827 /* BleUartModuleController.swift */ = {isa = PBXFileReference; lastKnownFileType = sourcecode.swift; path = BleUartModuleController.swift; sourceTree = "<group>"; };
		08D9F9542A94C121003DA827 /* BleUartModuleDevicesController.swift */ = {isa = PBXFileReference; lastKnownFileType = sourcecode.swift; path = BleUartModuleDevicesController.swift; sourceTree = "<group>"; };
		08DD4BED2741018F00F1A257 /* AlarmViewController.swift */ = {isa = PBXFileReference; lastKnownFileType = sourcecode.swift; path = AlarmViewController.swift; sourceTree = "<group>"; };
		08DF3C9525AEF97000EC3AF7 /* TelinkBleMeshSdkDemo.app */ = {isa = PBXFileReference; explicitFileType = wrapper.application; includeInIndex = 0; path = TelinkBleMeshSdkDemo.app; sourceTree = BUILT_PRODUCTS_DIR; };
		08DF3C9825AEF97000EC3AF7 /* AppDelegate.swift */ = {isa = PBXFileReference; lastKnownFileType = sourcecode.swift; path = AppDelegate.swift; sourceTree = "<group>"; };
		08DF3CA125AEF97100EC3AF7 /* Assets.xcassets */ = {isa = PBXFileReference; lastKnownFileType = folder.assetcatalog; path = Assets.xcassets; sourceTree = "<group>"; };
		08DF3CA425AEF97100EC3AF7 /* Base */ = {isa = PBXFileReference; lastKnownFileType = file.storyboard; name = Base; path = Base.lproj/LaunchScreen.storyboard; sourceTree = "<group>"; };
		08DF3CA625AEF97100EC3AF7 /* Info.plist */ = {isa = PBXFileReference; lastKnownFileType = text.plist.xml; path = Info.plist; sourceTree = "<group>"; };
		08DF3CAB25AEF97200EC3AF7 /* TelinkBleMeshSdkDemoTests.xctest */ = {isa = PBXFileReference; explicitFileType = wrapper.cfbundle; includeInIndex = 0; path = TelinkBleMeshSdkDemoTests.xctest; sourceTree = BUILT_PRODUCTS_DIR; };
		08DF3CAF25AEF97200EC3AF7 /* TelinkBleMeshSdkDemoTests.swift */ = {isa = PBXFileReference; lastKnownFileType = sourcecode.swift; path = TelinkBleMeshSdkDemoTests.swift; sourceTree = "<group>"; };
		08DF3CB125AEF97200EC3AF7 /* Info.plist */ = {isa = PBXFileReference; lastKnownFileType = text.plist.xml; path = Info.plist; sourceTree = "<group>"; };
		08DF3CDB25AF107200EC3AF7 /* NodesViewController.swift */ = {isa = PBXFileReference; lastKnownFileType = sourcecode.swift; path = NodesViewController.swift; sourceTree = "<group>"; };
		08E1EFAE26BCC97300D27582 /* OtaListViewController.swift */ = {isa = PBXFileReference; lastKnownFileType = sourcecode.swift; path = OtaListViewController.swift; sourceTree = "<group>"; };
		08E393AD2755C63000D78685 /* RemoteSettingsViewController.swift */ = {isa = PBXFileReference; lastKnownFileType = sourcecode.swift; path = RemoteSettingsViewController.swift; sourceTree = "<group>"; };
		08E9B12B26F032A400E89BBA /* DevicePairingViewController.swift */ = {isa = PBXFileReference; lastKnownFileType = sourcecode.swift; path = DevicePairingViewController.swift; sourceTree = "<group>"; };
		08FA15FE2A0A4D9700573CD6 /* SetSmartSwitchViewController.swift */ = {isa = PBXFileReference; lastKnownFileType = sourcecode.swift; path = SetSmartSwitchViewController.swift; sourceTree = "<group>"; };
/* End PBXFileReference section */

/* Begin PBXFileSystemSynchronizedRootGroup section */
		08213E8F2CBD1B2A00556259 /* RoomScenes */ = {isa = PBXFileSystemSynchronizedRootGroup; explicitFileTypes = {}; explicitFolders = (); path = RoomScenes; sourceTree = "<group>"; };
/* End PBXFileSystemSynchronizedRootGroup section */

/* Begin PBXFrameworksBuildPhase section */
		08DF3C9225AEF97000EC3AF7 /* Frameworks */ = {
			isa = PBXFrameworksBuildPhase;
			buildActionMask = 2147483647;
			files = (
				08995F872A9D97A500B1108E /* Toast in Frameworks */,
				08AD230E2643C019000468AF /* TelinkBleMesh in Frameworks */,
			);
			runOnlyForDeploymentPostprocessing = 0;
		};
		08DF3CA825AEF97200EC3AF7 /* Frameworks */ = {
			isa = PBXFrameworksBuildPhase;
			buildActionMask = 2147483647;
			files = (
			);
			runOnlyForDeploymentPostprocessing = 0;
		};
/* End PBXFrameworksBuildPhase section */

/* Begin PBXGroup section */
		0818AFC02B43F8B2003CC811 /* SmartSwitches */ = {
			isa = PBXGroup;
			children = (
				0818AFC12B43F8C9003CC811 /* DaliSmartSwitchesController.swift */,
				0818AFC52B43FA88003CC811 /* DaliActionSettingsController.swift */,
			);
			path = SmartSwitches;
			sourceTree = "<group>";
		};
		08270F7426E5FB7300088CE4 /* Groups */ = {
			isa = PBXGroup;
			children = (
				08AD4C5F2857224000CD1809 /* GroupDevicesViewController.swift */,
				08AD4C5E2857224000CD1809 /* GroupDeviceViewController.swift */,
				08270F7526E5FB8300088CE4 /* GroupsTableViewController.swift */,
				08270F7826E617AB00088CE4 /* GroupViewController.swift */,
				086CECE727C8696B005718E3 /* GroupAdvancedViewController.swift */,
				086CECE927C86A5A005718E3 /* GroupSyncViewController.swift */,
				086CECEE27C8B119005718E3 /* GroupControlViewController.swift */,
				086CECF027C8B97A005718E3 /* GroupSettingsViewController.swift */,
				086CECF227C8BCCD005718E3 /* GroupLightRunningViewController.swift */,
			);
			path = Groups;
			sourceTree = "<group>";
		};
		082DFECC25B030DF004668EF /* ViewControllers */ = {
			isa = PBXGroup;
			children = (
				084628662A6616F500A8DC1E /* Fix Address */,
				0850A28E2611BDCD00638765 /* Device */,
				08270F7426E5FB7300088CE4 /* Groups */,
				08A6A595273E6031000F96F9 /* Scenes */,
				0853FB1F2795117400467342 /* Entertainment */,
				086A250E273FF4AF00AEDCD7 /* Alarms */,
				08AE5E5129E69C0A00EC7991 /* NfcTool */,
				08213E8F2CBD1B2A00556259 /* RoomScenes */,
				08DF3CDB25AF107200EC3AF7 /* NodesViewController.swift */,
				082DFEBE25B02ED1004668EF /* NodeViewController.swift */,
				08270F7226E5FA8300088CE4 /* NodeAdvancedViewController.swift */,
				082DFED325B03113004668EF /* NetworksViewController.swift */,
				082DFEDD25B04B41004668EF /* NetworkViewController.swift */,
				088A389A2A05F80300D7BF0B /* DeviceRepairViewController.swift */,
				08A7E9BE2AF32E8100BBA804 /* AppSettingsViewController.swift */,
			);
			path = ViewControllers;
			sourceTree = "<group>";
		};
		082DFECF25B030E9004668EF /* Models */ = {
			isa = PBXGroup;
			children = (
				082DFEC625B0307A004668EF /* Tools.swift */,
				082DFED725B034FA004668EF /* NetworkManager.swift */,
				082DFEE125B04CAF004668EF /* TelinkBleMeshExtensions.swift */,
				085651FC2609F64400C7FF8E /* MyDevice.swift */,
				086CECEB27C8A6C2005718E3 /* FoundationExt.swift */,
			);
			path = Models;
			sourceTree = "<group>";
		};
		082DFED225B030FA004668EF /* Views */ = {
			isa = PBXGroup;
			children = (
				08D6AC1C260C36B100AEB39C /* SwitchTableViewCell.swift */,
				0800AAB0260B3ACC0010CA22 /* SliderTableViewCell.swift */,
				08024BFA273D0A9E004A4ADD /* TitleTextFieldTableViewCell.swift */,
				083C47DC2AD79EFC000EF91D /* UIAlertController+Extensions.swift */,
			);
			path = Views;
			sourceTree = "<group>";
		};
		0838EECD2A9D93C700D12A8A /* Packages */ = {
			isa = PBXGroup;
			children = (
			);
			name = Packages;
			sourceTree = "<group>";
		};
		084628662A6616F500A8DC1E /* Fix Address */ = {
			isa = PBXGroup;
			children = (
				084628692A66198700A8DC1E /* FixNodesManager.swift */,
				084628672A66170C00A8DC1E /* FixAddressViewController.swift */,
				0846286B2A663CF000A8DC1E /* FixMainViewController.swift */,
			);
			path = "Fix Address";
			sourceTree = "<group>";
		};
		0850A28E2611BDCD00638765 /* Device */ = {
			isa = PBXGroup;
			children = (
				0885611B2C25782A00DC970C /* UniversalRemote */,
				08D9F9512A94B702003DA827 /* BleUartModule */,
				08BA290C29C2CD220012002E /* SensorOptions */,
				086CECF627CA1841005718E3 /* SmartSwitch */,
				085651F22609F5C400C7FF8E /* DeviceViewController.swift */,
				08473F8A2CC0BE2A002EBCDB /* CurtainViewController.swift */,
				08AE3C89263BA0E500952791 /* DeviceSettingsViewController.swift */,
				08E393AD2755C63000D78685 /* RemoteSettingsViewController.swift */,
				08AD22B526438E69000468AF /* DeviceAddressesViewController.swift */,
				088020B326AFC00900234231 /* SingleAddDeviceViewController.swift */,
				08E9B12B26F032A400E89BBA /* DevicePairingViewController.swift */,
				08E1EFAE26BCC97300D27582 /* OtaListViewController.swift */,
				08AEE6ED265E524500986085 /* OtaTableViewController.swift */,
				08561DC726DCDB7600EC92D1 /* LightRunningViewController.swift */,
				0815A0E626DDCB42003EEB08 /* LightRunningSelectModeViewController.swift */,
				08BAAC6326DF13340012CCFF /* LightRunningColorsViewController.swift */,
				08BAAC6526DF13400012CCFF /* LightRunningAddColorViewController.swift */,
				08024BF8273D089A004A4ADD /* SunriseSunsetViewController.swift */,
				08FA15FE2A0A4D9700573CD6 /* SetSmartSwitchViewController.swift */,
				0855CB442A14C76D002C2614 /* NaturalLightViewController.swift */,
			);
			path = Device;
			sourceTree = "<group>";
		};
		0853FB1F2795117400467342 /* Entertainment */ = {
			isa = PBXGroup;
			children = (
				0853FB202795118D00467342 /* EntertainmentViewController.swift */,
			);
			path = Entertainment;
			sourceTree = "<group>";
		};
		086A250E273FF4AF00AEDCD7 /* Alarms */ = {
			isa = PBXGroup;
			children = (
				086A2511273FF54D00AEDCD7 /* AlarmsViewController.swift */,
				08DD4BED2741018F00F1A257 /* AlarmViewController.swift */,
				08D046B22741EF4E00E0E55C /* WeekdaysViewController.swift */,
			);
			path = Alarms;
			sourceTree = "<group>";
		};
		086CECF627CA1841005718E3 /* SmartSwitch */ = {
			isa = PBXGroup;
			children = (
				086CECF727CA1911005718E3 /* SmartSwitchViewController.swift */,
				08C7020627CE0DB800C80EE6 /* MechanicalSwitchViewController.swift */,
				08C2024B27CF575D0033FDB2 /* MechanicalLinkViewController.swift */,
				08C2024927CF181F0033FDB2 /* MechanicalSwitchModesViewController.swift */,
				08C2024D27CF66D40033FDB2 /* MechanicalSwitchesViewController.swift */,
			);
			path = SmartSwitch;
			sourceTree = "<group>";
		};
		0885611B2C25782A00DC970C /* UniversalRemote */ = {
			isa = PBXGroup;
			children = (
				0885611C2C25783800DC970C /* UniversalRemoteController.swift */,
				083098CE2C33D5F9000C35B6 /* UniversalRemoteSettingsController.swift */,
				085BF2FC2C367909005C2C7F /* UniversalRemoteActionsController.swift */,
			);
			path = UniversalRemote;
			sourceTree = "<group>";
		};
		08A6A595273E6031000F96F9 /* Scenes */ = {
			isa = PBXGroup;
			children = (
				08A6A596273E6132000F96F9 /* ScenesTableViewController.swift */,
				08A6A598273E6E6C000F96F9 /* SceneTableViewController.swift */,
				086A250C273FD81100AEDCD7 /* SceneEditViewController.swift */,
			);
			path = Scenes;
			sourceTree = "<group>";
		};
		08AD22BD2643BE12000468AF /* TelinkBleMesh */ = {
			isa = PBXGroup;
			children = (
				08AD22BE2643BE12000468AF /* .build */,
				08AD22C42643BE12000468AF /* Tests */,
				08AD22C92643BE12000468AF /* README.md */,
				08AD22CB2643BE12000468AF /* .gitignore */,
				08AD22CC2643BE12000468AF /* Package.swift */,
				08AD22CD2643BE12000468AF /* Sources */,
				08AD22E12643BE12000468AF /* TelinkBleMeshSdkDemo */,
				08AD23012643BE12000468AF /* .swiftpm */,
			);
			name = TelinkBleMesh;
			path = ..;
			sourceTree = "<group>";
		};
		08AD22BE2643BE12000468AF /* .build */ = {
			isa = PBXGroup;
			children = (
				08AD22BF2643BE12000468AF /* artifacts */,
				08AD22C02643BE12000468AF /* workspace-state.json */,
				08AD22C12643BE12000468AF /* checkouts */,
				08AD22C22643BE12000468AF /* repositories */,
				08AD22C32643BE12000468AF /* manifest.db */,
			);
			path = .build;
			sourceTree = "<group>";
		};
		08AD22BF2643BE12000468AF /* artifacts */ = {
			isa = PBXGroup;
			children = (
			);
			path = artifacts;
			sourceTree = "<group>";
		};
		08AD22C12643BE12000468AF /* checkouts */ = {
			isa = PBXGroup;
			children = (
			);
			path = checkouts;
			sourceTree = "<group>";
		};
		08AD22C22643BE12000468AF /* repositories */ = {
			isa = PBXGroup;
			children = (
			);
			path = repositories;
			sourceTree = "<group>";
		};
		08AD22C42643BE12000468AF /* Tests */ = {
			isa = PBXGroup;
			children = (
				08AD22C52643BE12000468AF /* LinuxMain.swift */,
				08AD22C62643BE12000468AF /* TelinkBleMeshTests */,
			);
			path = Tests;
			sourceTree = "<group>";
		};
		08AD22C62643BE12000468AF /* TelinkBleMeshTests */ = {
			isa = PBXGroup;
			children = (
				08AD22C72643BE12000468AF /* XCTestManifests.swift */,
				08AD22C82643BE12000468AF /* TelinkBleMeshTests.swift */,
			);
			path = TelinkBleMeshTests;
			sourceTree = "<group>";
		};
		08AD22CD2643BE12000468AF /* Sources */ = {
			isa = PBXGroup;
			children = (
				08AD22CE2643BE12000468AF /* TelinkBleMesh */,
				08AD22DB2643BE12000468AF /* CryptoAction */,
			);
			path = Sources;
			sourceTree = "<group>";
		};
		08AD22CE2643BE12000468AF /* TelinkBleMesh */ = {
			isa = PBXGroup;
			children = (
				08AD22D12643BE12000468AF /* Utils */,
				08AD22D52643BE12000468AF /* MeshManager.swift */,
				08AD22D62643BE12000468AF /* MeshAddressManager.swift */,
			);
			path = TelinkBleMesh;
			sourceTree = "<group>";
		};
		08AD22D12643BE12000468AF /* Utils */ = {
			isa = PBXGroup;
			children = (
				08AD22D22643BE12000468AF /* Tools.swift */,
				08AD22D32643BE12000468AF /* SampleCommandCenter.swift */,
				08AD22D42643BE12000468AF /* RepeatingTimer.swift */,
			);
			path = Utils;
			sourceTree = "<group>";
		};
		08AD22DB2643BE12000468AF /* CryptoAction */ = {
			isa = PBXGroup;
			children = (
				08AD22DC2643BE12000468AF /* include */,
			);
			path = CryptoAction;
			sourceTree = "<group>";
		};
		08AD22DC2643BE12000468AF /* include */ = {
			isa = PBXGroup;
			children = (
				08AD22DD2643BE12000468AF /* CryptoAction.h */,
				08AD22DE2643BE12000468AF /* CryptoUtil.c */,
				08AD22DF2643BE12000468AF /* CryptoAction.m */,
				08AD22E02643BE12000468AF /* CryptoUtil.h */,
			);
			path = include;
			sourceTree = "<group>";
		};
		08AD22E12643BE12000468AF /* TelinkBleMeshSdkDemo */ = {
			isa = PBXGroup;
			children = (
				08AD22E22643BE12000468AF /* TelinkBleMeshSdkDemoTests */,
				08AD22E52643BE12000468AF /* TelinkBleMeshSdkDemo */,
				08AD22FE2643BE12000468AF /* TelinkBleMeshSdkDemo.xcodeproj */,
			);
			path = TelinkBleMeshSdkDemo;
			sourceTree = "<group>";
		};
		08AD22E22643BE12000468AF /* TelinkBleMeshSdkDemoTests */ = {
			isa = PBXGroup;
			children = (
				08AD22E32643BE12000468AF /* TelinkBleMeshSdkDemoTests.swift */,
				08AD22E42643BE12000468AF /* Info.plist */,
			);
			path = TelinkBleMeshSdkDemoTests;
			sourceTree = "<group>";
		};
		08AD22E52643BE12000468AF /* TelinkBleMeshSdkDemo */ = {
			isa = PBXGroup;
			children = (
				08AD22E62643BE12000468AF /* Assets.xcassets */,
				08AD22E72643BE12000468AF /* Models */,
				08AD22EC2643BE12000468AF /* LaunchScreen.storyboard */,
				08AD22EE2643BE12000468AF /* Localizable.strings */,
				08AD22EF2643BE12000468AF /* ViewControllers */,
				08AD22F92643BE12000468AF /* AppDelegate.swift */,
				08AD22FA2643BE12000468AF /* Views */,
				08AD22FD2643BE12000468AF /* Info.plist */,
			);
			path = TelinkBleMeshSdkDemo;
			sourceTree = "<group>";
		};
		08AD22E72643BE12000468AF /* Models */ = {
			isa = PBXGroup;
			children = (
				08AD22E82643BE12000468AF /* TelinkBleMeshExtensions.swift */,
				08AD22E92643BE12000468AF /* NetworkManager.swift */,
				08AD22EA2643BE12000468AF /* Tools.swift */,
				08AD22EB2643BE12000468AF /* MyDevice.swift */,
			);
			path = Models;
			sourceTree = "<group>";
		};
		08AD22EF2643BE12000468AF /* ViewControllers */ = {
			isa = PBXGroup;
			children = (
				08AD22F02643BE12000468AF /* NodesViewController.swift */,
				08AD22F12643BE12000468AF /* NetworkViewController.swift */,
				08AD22F22643BE12000468AF /* NetworksViewController.swift */,
				08AD22F32643BE12000468AF /* Device */,
				08AD22F82643BE12000468AF /* NodeViewController.swift */,
			);
			path = ViewControllers;
			sourceTree = "<group>";
		};
		08AD22F32643BE12000468AF /* Device */ = {
			isa = PBXGroup;
			children = (
				08AD22F42643BE12000468AF /* DeviceViewController.swift */,
				08AD22F52643BE12000468AF /* DeviceSettingsViewController.swift */,
				08AD22F62643BE12000468AF /* DeviceAddressesViewController.swift */,
				08AD22F72643BE12000468AF /* AddDeviceViewController.swift */,
			);
			path = Device;
			sourceTree = "<group>";
		};
		08AD22FA2643BE12000468AF /* Views */ = {
			isa = PBXGroup;
			children = (
				08AD22FB2643BE12000468AF /* SliderTableViewCell.swift */,
				08AD22FC2643BE12000468AF /* SwitchTableViewCell.swift */,
			);
			path = Views;
			sourceTree = "<group>";
		};
		08AD22FF2643BE12000468AF /* Products */ = {
			isa = PBXGroup;
			name = Products;
			sourceTree = "<group>";
		};
		08AD23012643BE12000468AF /* .swiftpm */ = {
			isa = PBXGroup;
			children = (
				08AD23022643BE12000468AF /* xcode */,
			);
			path = .swiftpm;
			sourceTree = "<group>";
		};
		08AD23022643BE12000468AF /* xcode */ = {
			isa = PBXGroup;
			children = (
				08AD23032643BE12000468AF /* xcuserdata */,
			);
			path = xcode;
			sourceTree = "<group>";
		};
		08AD23032643BE12000468AF /* xcuserdata */ = {
			isa = PBXGroup;
			children = (
				08AD23042643BE12000468AF /* maginawin.xcuserdatad */,
			);
			path = xcuserdata;
			sourceTree = "<group>";
		};
		08AD23042643BE12000468AF /* maginawin.xcuserdatad */ = {
			isa = PBXGroup;
			children = (
				08AD23052643BE12000468AF /* xcschemes */,
			);
			path = maginawin.xcuserdatad;
			sourceTree = "<group>";
		};
		08AD23052643BE12000468AF /* xcschemes */ = {
			isa = PBXGroup;
			children = (
				08AD23062643BE12000468AF /* xcschememanagement.plist */,
			);
			path = xcschemes;
			sourceTree = "<group>";
		};
		08AE5E5129E69C0A00EC7991 /* NfcTool */ = {
			isa = PBXGroup;
			children = (
				08AE5E5229E69C1D00EC7991 /* NfcToolViewController.swift */,
			);
			path = NfcTool;
			sourceTree = "<group>";
		};
		08BA290C29C2CD220012002E /* SensorOptions */ = {
			isa = PBXGroup;
			children = (
				08BA290D29C2CD380012002E /* SensorOptionsViewController.swift */,
				08966BC329CAF33A00234C18 /* SensorEventViewController.swift */,
				08966BC129CAF21200234C18 /* SensorActionViewController.swift */,
				0801844729CC4DF0003D48E1 /* SensorIdViewController.swift */,
				081C7F8E2BEA157C00CFF844 /* DiscoverSensorViewController.swift */,
				08319B4B2C788E8100BECCDE /* BindToSensorsViewController.swift */,
				08D706AA2CEC953400516A8B /* ManualLinkedSensorsController.swift */,
				08CD46C22C797DC60085BCF8 /* BindMultiSensorViewController.swift */,
				08CD46C52C79D6620085BCF8 /* SelectMultiSensorActionController.swift */,
				0835E9D02C7C1F7400A30AA7 /* BindSingleSensorViewController.swift */,
				0835E9D22C7C31D600A30AA7 /* SelectSingleSensorActionController.swift */,
			);
			path = SensorOptions;
			sourceTree = "<group>";
		};
		08D9F9512A94B702003DA827 /* BleUartModule */ = {
			isa = PBXGroup;
			children = (
				0818AFC02B43F8B2003CC811 /* SmartSwitches */,
				08D9F9522A94B712003DA827 /* BleUartModuleController.swift */,
				08D9F9542A94C121003DA827 /* BleUartModuleDevicesController.swift */,
				0830C0592A987E830006AA5D /* BleUartModuleDeviceController.swift */,
				08B0BF0A2AEF5CB700BA3F6D /* BleUartModuleDeviceConfigController.swift */,
				089A0B3D2A9F1DDE0013B800 /* BleUartModuleCommandsController.swift */,
				08CEF7862AA5B53700CC57F0 /* BleUartModuleLogController.swift */,
				08CEF7882AA6D1D100CC57F0 /* BleUartModuleGroupsController.swift */,
				08CEF78A2AA6D3E300CC57F0 /* BleUartModuleGroupSettingsController.swift */,
				08AE7A362AA82E59007EABB8 /* BleUartModuleScenesController.swift */,
				08AE7A382AA82FFF007EABB8 /* BleUartModuleSceneSettingsController.swift */,
			);
			path = BleUartModule;
			sourceTree = "<group>";
		};
		08DF3C8C25AEF97000EC3AF7 = {
			isa = PBXGroup;
			children = (
				0838EECD2A9D93C700D12A8A /* Packages */,
				08DF3C9725AEF97000EC3AF7 /* TelinkBleMeshSdkDemo */,
				08DF3CAE25AEF97200EC3AF7 /* TelinkBleMeshSdkDemoTests */,
				08DF3C9625AEF97000EC3AF7 /* Products */,
				08DF3CD425AEFA6B00EC3AF7 /* Frameworks */,
			);
			sourceTree = "<group>";
		};
		08DF3C9625AEF97000EC3AF7 /* Products */ = {
			isa = PBXGroup;
			children = (
				08DF3C9525AEF97000EC3AF7 /* TelinkBleMeshSdkDemo.app */,
				08DF3CAB25AEF97200EC3AF7 /* TelinkBleMeshSdkDemoTests.xctest */,
			);
			name = Products;
			sourceTree = "<group>";
		};
		08DF3C9725AEF97000EC3AF7 /* TelinkBleMeshSdkDemo */ = {
			isa = PBXGroup;
			children = (
				08C7020527CDCCEF00C80EE6 /* TelinkBleMeshSdkDemo.entitlements */,
				082DFECF25B030E9004668EF /* Models */,
				082DFED225B030FA004668EF /* Views */,
				082DFECC25B030DF004668EF /* ViewControllers */,
				08DF3C9825AEF97000EC3AF7 /* AppDelegate.swift */,
				08DF3CA125AEF97100EC3AF7 /* Assets.xcassets */,
				08DF3CA325AEF97100EC3AF7 /* LaunchScreen.storyboard */,
				08DF3CA625AEF97100EC3AF7 /* Info.plist */,
				082DFEC225B0302E004668EF /* Localizable.strings */,
			);
			path = TelinkBleMeshSdkDemo;
			sourceTree = "<group>";
		};
		08DF3CAE25AEF97200EC3AF7 /* TelinkBleMeshSdkDemoTests */ = {
			isa = PBXGroup;
			children = (
				08DF3CAF25AEF97200EC3AF7 /* TelinkBleMeshSdkDemoTests.swift */,
				08DF3CB125AEF97200EC3AF7 /* Info.plist */,
			);
			path = TelinkBleMeshSdkDemoTests;
			sourceTree = "<group>";
		};
		08DF3CD425AEFA6B00EC3AF7 /* Frameworks */ = {
			isa = PBXGroup;
			children = (
				08AD22BD2643BE12000468AF /* TelinkBleMesh */,
			);
			name = Frameworks;
			sourceTree = "<group>";
		};
/* End PBXGroup section */

/* Begin PBXNativeTarget section */
		08DF3C9425AEF97000EC3AF7 /* TelinkBleMeshSdkDemo */ = {
			isa = PBXNativeTarget;
			buildConfigurationList = 08DF3CBF25AEF97200EC3AF7 /* Build configuration list for PBXNativeTarget "TelinkBleMeshSdkDemo" */;
			buildPhases = (
				08DF3C9125AEF97000EC3AF7 /* Sources */,
				08DF3C9225AEF97000EC3AF7 /* Frameworks */,
				08DF3C9325AEF97000EC3AF7 /* Resources */,
			);
			buildRules = (
			);
			dependencies = (
			);
			fileSystemSynchronizedGroups = (
				08213E8F2CBD1B2A00556259 /* RoomScenes */,
			);
			name = TelinkBleMeshSdkDemo;
			packageProductDependencies = (
				08AD230D2643C019000468AF /* TelinkBleMesh */,
				08995F862A9D97A500B1108E /* Toast */,
			);
			productName = TelinkBleMeshSdkDemo;
			productReference = 08DF3C9525AEF97000EC3AF7 /* TelinkBleMeshSdkDemo.app */;
			productType = "com.apple.product-type.application";
		};
		08DF3CAA25AEF97200EC3AF7 /* TelinkBleMeshSdkDemoTests */ = {
			isa = PBXNativeTarget;
			buildConfigurationList = 08DF3CC225AEF97200EC3AF7 /* Build configuration list for PBXNativeTarget "TelinkBleMeshSdkDemoTests" */;
			buildPhases = (
				08DF3CA725AEF97200EC3AF7 /* Sources */,
				08DF3CA825AEF97200EC3AF7 /* Frameworks */,
				08DF3CA925AEF97200EC3AF7 /* Resources */,
			);
			buildRules = (
			);
			dependencies = (
				08DF3CAD25AEF97200EC3AF7 /* PBXTargetDependency */,
			);
			name = TelinkBleMeshSdkDemoTests;
			productName = TelinkBleMeshSdkDemoTests;
			productReference = 08DF3CAB25AEF97200EC3AF7 /* TelinkBleMeshSdkDemoTests.xctest */;
			productType = "com.apple.product-type.bundle.unit-test";
		};
/* End PBXNativeTarget section */

/* Begin PBXProject section */
		08DF3C8D25AEF97000EC3AF7 /* Project object */ = {
			isa = PBXProject;
			attributes = {
				BuildIndependentTargetsInParallel = YES;
				LastSwiftUpdateCheck = 1220;
				LastUpgradeCheck = 1540;
				TargetAttributes = {
					08DF3C9425AEF97000EC3AF7 = {
						CreatedOnToolsVersion = 12.2;
					};
					08DF3CAA25AEF97200EC3AF7 = {
						CreatedOnToolsVersion = 12.2;
						TestTargetID = 08DF3C9425AEF97000EC3AF7;
					};
				};
			};
			buildConfigurationList = 08DF3C9025AEF97000EC3AF7 /* Build configuration list for PBXProject "TelinkBleMeshSdkDemo" */;
			compatibilityVersion = "Xcode 9.3";
			developmentRegion = en;
			hasScannedForEncodings = 0;
			knownRegions = (
				en,
				Base,
			);
			mainGroup = 08DF3C8C25AEF97000EC3AF7;
			packageReferences = (
				08995F852A9D97A500B1108E /* XCRemoteSwiftPackageReference "Toast-Swift" */,
			);
			productRefGroup = 08DF3C9625AEF97000EC3AF7 /* Products */;
			projectDirPath = "";
			projectReferences = (
				{
					ProductGroup = 08AD22FF2643BE12000468AF /* Products */;
					ProjectRef = 08AD22FE2643BE12000468AF /* TelinkBleMeshSdkDemo.xcodeproj */;
				},
			);
			projectRoot = "";
			targets = (
				08DF3C9425AEF97000EC3AF7 /* TelinkBleMeshSdkDemo */,
				08DF3CAA25AEF97200EC3AF7 /* TelinkBleMeshSdkDemoTests */,
			);
		};
/* End PBXProject section */

/* Begin PBXResourcesBuildPhase section */
		08DF3C9325AEF97000EC3AF7 /* Resources */ = {
			isa = PBXResourcesBuildPhase;
			buildActionMask = 2147483647;
			files = (
				08DF3CA525AEF97100EC3AF7 /* LaunchScreen.storyboard in Resources */,
				082DFEC325B0302E004668EF /* Localizable.strings in Resources */,
				08DF3CA225AEF97100EC3AF7 /* Assets.xcassets in Resources */,
			);
			runOnlyForDeploymentPostprocessing = 0;
		};
		08DF3CA925AEF97200EC3AF7 /* Resources */ = {
			isa = PBXResourcesBuildPhase;
			buildActionMask = 2147483647;
			files = (
			);
			runOnlyForDeploymentPostprocessing = 0;
		};
/* End PBXResourcesBuildPhase section */

/* Begin PBXSourcesBuildPhase section */
		08DF3C9125AEF97000EC3AF7 /* Sources */ = {
			isa = PBXSourcesBuildPhase;
			buildActionMask = 2147483647;
			files = (
				08DD4BEE2741018F00F1A257 /* AlarmViewController.swift in Sources */,
				08AE7A392AA82FFF007EABB8 /* BleUartModuleSceneSettingsController.swift in Sources */,
				08024BF9273D089A004A4ADD /* SunriseSunsetViewController.swift in Sources */,
				0855CB452A14C76D002C2614 /* NaturalLightViewController.swift in Sources */,
				082DFED825B034FA004668EF /* NetworkManager.swift in Sources */,
				086CECF127C8B97A005718E3 /* GroupSettingsViewController.swift in Sources */,
				088A389B2A05F80300D7BF0B /* DeviceRepairViewController.swift in Sources */,
				086CECF827CA1911005718E3 /* SmartSwitchViewController.swift in Sources */,
				08473F8B2CC0BE2A002EBCDB /* CurtainViewController.swift in Sources */,
				085BF2FD2C367909005C2C7F /* UniversalRemoteActionsController.swift in Sources */,
				088020B426AFC00900234231 /* SingleAddDeviceViewController.swift in Sources */,
				08CEF78B2AA6D3E300CC57F0 /* BleUartModuleGroupSettingsController.swift in Sources */,
				08AD4C612857224000CD1809 /* GroupDeviceViewController.swift in Sources */,
				08DF3CDC25AF107200EC3AF7 /* NodesViewController.swift in Sources */,
				08966BC229CAF21200234C18 /* SensorActionViewController.swift in Sources */,
				0830C05A2A987E830006AA5D /* BleUartModuleDeviceController.swift in Sources */,
				08FA15FF2A0A4D9700573CD6 /* SetSmartSwitchViewController.swift in Sources */,
				08319B4C2C788E8100BECCDE /* BindToSensorsViewController.swift in Sources */,
				08AD4C602857224000CD1809 /* GroupDevicesViewController.swift in Sources */,
				08AE7A372AA82E59007EABB8 /* BleUartModuleScenesController.swift in Sources */,
				08270F7326E5FA8300088CE4 /* NodeAdvancedViewController.swift in Sources */,
				08C7020727CE0DB800C80EE6 /* MechanicalSwitchViewController.swift in Sources */,
				081C7F8F2BEA157C00CFF844 /* DiscoverSensorViewController.swift in Sources */,
				08270F7926E617AB00088CE4 /* GroupViewController.swift in Sources */,
				08AEE6EE265E524500986085 /* OtaTableViewController.swift in Sources */,
				082DFEBF25B02ED1004668EF /* NodeViewController.swift in Sources */,
				086CECF327C8BCCD005718E3 /* GroupLightRunningViewController.swift in Sources */,
				08DF3C9925AEF97000EC3AF7 /* AppDelegate.swift in Sources */,
				086CECEA27C86A5A005718E3 /* GroupSyncViewController.swift in Sources */,
				08D9F9532A94B712003DA827 /* BleUartModuleController.swift in Sources */,
				086CECE827C8696B005718E3 /* GroupAdvancedViewController.swift in Sources */,
				08CD46C32C797DC60085BCF8 /* BindMultiSensorViewController.swift in Sources */,
				08C2024C27CF575D0033FDB2 /* MechanicalLinkViewController.swift in Sources */,
				086CECEC27C8A6C2005718E3 /* FoundationExt.swift in Sources */,
				08AD22B626438E69000468AF /* DeviceAddressesViewController.swift in Sources */,
				08D9F9552A94C121003DA827 /* BleUartModuleDevicesController.swift in Sources */,
				082DFED425B03113004668EF /* NetworksViewController.swift in Sources */,
				08D6AC1D260C36B100AEB39C /* SwitchTableViewCell.swift in Sources */,
				08966BC429CAF33A00234C18 /* SensorEventViewController.swift in Sources */,
				084628682A66170C00A8DC1E /* FixAddressViewController.swift in Sources */,
				0801844829CC4DF0003D48E1 /* SensorIdViewController.swift in Sources */,
				08AE3C8A263BA0E500952791 /* DeviceSettingsViewController.swift in Sources */,
				08CD46C62C79D6620085BCF8 /* SelectMultiSensorActionController.swift in Sources */,
				083C47DD2AD79EFC000EF91D /* UIAlertController+Extensions.swift in Sources */,
				08D706AB2CEC953400516A8B /* ManualLinkedSensorsController.swift in Sources */,
				0846286A2A66198700A8DC1E /* FixNodesManager.swift in Sources */,
				08B0BF0B2AEF5CB700BA3F6D /* BleUartModuleDeviceConfigController.swift in Sources */,
				082DFEDE25B04B41004668EF /* NetworkViewController.swift in Sources */,
				082DFEC725B0307A004668EF /* Tools.swift in Sources */,
				08561DC826DCDB7600EC92D1 /* LightRunningViewController.swift in Sources */,
				0815A0E726DDCB42003EEB08 /* LightRunningSelectModeViewController.swift in Sources */,
				08BAAC6626DF13400012CCFF /* LightRunningAddColorViewController.swift in Sources */,
				08E393AE2755C63000D78685 /* RemoteSettingsViewController.swift in Sources */,
				08024BFB273D0A9E004A4ADD /* TitleTextFieldTableViewCell.swift in Sources */,
				08D046B32741EF4E00E0E55C /* WeekdaysViewController.swift in Sources */,
				0885611D2C25783800DC970C /* UniversalRemoteController.swift in Sources */,
				08270F7626E5FB8300088CE4 /* GroupsTableViewController.swift in Sources */,
				08CEF7872AA5B53700CC57F0 /* BleUartModuleLogController.swift in Sources */,
				08C2024E27CF66D40033FDB2 /* MechanicalSwitchesViewController.swift in Sources */,
				0835E9D32C7C31D600A30AA7 /* SelectSingleSensorActionController.swift in Sources */,
				08BA290E29C2CD380012002E /* SensorOptionsViewController.swift in Sources */,
				085651FD2609F64400C7FF8E /* MyDevice.swift in Sources */,
				0818AFC62B43FA88003CC811 /* DaliActionSettingsController.swift in Sources */,
				083098CF2C33D5F9000C35B6 /* UniversalRemoteSettingsController.swift in Sources */,
				08C2024A27CF181F0033FDB2 /* MechanicalSwitchModesViewController.swift in Sources */,
				08AE5E5329E69C1D00EC7991 /* NfcToolViewController.swift in Sources */,
				082DFEE225B04CAF004668EF /* TelinkBleMeshExtensions.swift in Sources */,
				0846286C2A663CF000A8DC1E /* FixMainViewController.swift in Sources */,
				0818AFC22B43F8C9003CC811 /* DaliSmartSwitchesController.swift in Sources */,
				08A6A597273E6132000F96F9 /* ScenesTableViewController.swift in Sources */,
				08E9B12C26F032A400E89BBA /* DevicePairingViewController.swift in Sources */,
				0853FB212795118D00467342 /* EntertainmentViewController.swift in Sources */,
				089A0B3E2A9F1DDE0013B800 /* BleUartModuleCommandsController.swift in Sources */,
				08E1EFAF26BCC97300D27582 /* OtaListViewController.swift in Sources */,
				08CEF7892AA6D1D100CC57F0 /* BleUartModuleGroupsController.swift in Sources */,
				086A2512273FF54D00AEDCD7 /* AlarmsViewController.swift in Sources */,
				08A7E9BF2AF32E8100BBA804 /* AppSettingsViewController.swift in Sources */,
				086CECEF27C8B119005718E3 /* GroupControlViewController.swift in Sources */,
				086A250D273FD81100AEDCD7 /* SceneEditViewController.swift in Sources */,
				08BAAC6426DF13340012CCFF /* LightRunningColorsViewController.swift in Sources */,
				0800AAB1260B3ACC0010CA22 /* SliderTableViewCell.swift in Sources */,
				08A6A599273E6E6C000F96F9 /* SceneTableViewController.swift in Sources */,
				085651F32609F5C400C7FF8E /* DeviceViewController.swift in Sources */,
				0835E9D12C7C1F7400A30AA7 /* BindSingleSensorViewController.swift in Sources */,
			);
			runOnlyForDeploymentPostprocessing = 0;
		};
		08DF3CA725AEF97200EC3AF7 /* Sources */ = {
			isa = PBXSourcesBuildPhase;
			buildActionMask = 2147483647;
			files = (
				08DF3CB025AEF97200EC3AF7 /* TelinkBleMeshSdkDemoTests.swift in Sources */,
			);
			runOnlyForDeploymentPostprocessing = 0;
		};
/* End PBXSourcesBuildPhase section */

/* Begin PBXTargetDependency section */
		08DF3CAD25AEF97200EC3AF7 /* PBXTargetDependency */ = {
			isa = PBXTargetDependency;
			target = 08DF3C9425AEF97000EC3AF7 /* TelinkBleMeshSdkDemo */;
			targetProxy = 08DF3CAC25AEF97200EC3AF7 /* PBXContainerItemProxy */;
		};
/* End PBXTargetDependency section */

/* Begin PBXVariantGroup section */
		08AD22EC2643BE12000468AF /* LaunchScreen.storyboard */ = {
			isa = PBXVariantGroup;
			children = (
				08AD22ED2643BE12000468AF /* Base */,
			);
			name = LaunchScreen.storyboard;
			sourceTree = "<group>";
		};
		08DF3CA325AEF97100EC3AF7 /* LaunchScreen.storyboard */ = {
			isa = PBXVariantGroup;
			children = (
				08DF3CA425AEF97100EC3AF7 /* Base */,
			);
			name = LaunchScreen.storyboard;
			sourceTree = "<group>";
		};
/* End PBXVariantGroup section */

/* Begin XCBuildConfiguration section */
		08DF3CBD25AEF97200EC3AF7 /* Debug */ = {
			isa = XCBuildConfiguration;
			buildSettings = {
				ALWAYS_SEARCH_USER_PATHS = NO;
				CLANG_ANALYZER_NONNULL = YES;
				CLANG_ANALYZER_NUMBER_OBJECT_CONVERSION = YES_AGGRESSIVE;
				CLANG_CXX_LANGUAGE_STANDARD = "gnu++14";
				CLANG_CXX_LIBRARY = "libc++";
				CLANG_ENABLE_MODULES = YES;
				CLANG_ENABLE_OBJC_ARC = YES;
				CLANG_ENABLE_OBJC_WEAK = YES;
				CLANG_WARN_BLOCK_CAPTURE_AUTORELEASING = YES;
				CLANG_WARN_BOOL_CONVERSION = YES;
				CLANG_WARN_COMMA = YES;
				CLANG_WARN_CONSTANT_CONVERSION = YES;
				CLANG_WARN_DEPRECATED_OBJC_IMPLEMENTATIONS = YES;
				CLANG_WARN_DIRECT_OBJC_ISA_USAGE = YES_ERROR;
				CLANG_WARN_DOCUMENTATION_COMMENTS = YES;
				CLANG_WARN_EMPTY_BODY = YES;
				CLANG_WARN_ENUM_CONVERSION = YES;
				CLANG_WARN_INFINITE_RECURSION = YES;
				CLANG_WARN_INT_CONVERSION = YES;
				CLANG_WARN_NON_LITERAL_NULL_CONVERSION = YES;
				CLANG_WARN_OBJC_IMPLICIT_RETAIN_SELF = YES;
				CLANG_WARN_OBJC_LITERAL_CONVERSION = YES;
				CLANG_WARN_OBJC_ROOT_CLASS = YES_ERROR;
				CLANG_WARN_QUOTED_INCLUDE_IN_FRAMEWORK_HEADER = YES;
				CLANG_WARN_RANGE_LOOP_ANALYSIS = YES;
				CLANG_WARN_STRICT_PROTOTYPES = YES;
				CLANG_WARN_SUSPICIOUS_MOVE = YES;
				CLANG_WARN_UNGUARDED_AVAILABILITY = YES_AGGRESSIVE;
				CLANG_WARN_UNREACHABLE_CODE = YES;
				CLANG_WARN__DUPLICATE_METHOD_MATCH = YES;
				COPY_PHASE_STRIP = NO;
				DEBUG_INFORMATION_FORMAT = dwarf;
				ENABLE_STRICT_OBJC_MSGSEND = YES;
				ENABLE_TESTABILITY = YES;
				ENABLE_USER_SCRIPT_SANDBOXING = YES;
				GCC_C_LANGUAGE_STANDARD = gnu11;
				GCC_DYNAMIC_NO_PIC = NO;
				GCC_NO_COMMON_BLOCKS = YES;
				GCC_OPTIMIZATION_LEVEL = 0;
				GCC_PREPROCESSOR_DEFINITIONS = (
					"DEBUG=1",
					"$(inherited)",
				);
				GCC_WARN_64_TO_32_BIT_CONVERSION = YES;
				GCC_WARN_ABOUT_RETURN_TYPE = YES_ERROR;
				GCC_WARN_UNDECLARED_SELECTOR = YES;
				GCC_WARN_UNINITIALIZED_AUTOS = YES_AGGRESSIVE;
				GCC_WARN_UNUSED_FUNCTION = YES;
				GCC_WARN_UNUSED_VARIABLE = YES;
				IPHONEOS_DEPLOYMENT_TARGET = 13.0;
				MTL_ENABLE_DEBUG_INFO = INCLUDE_SOURCE;
				MTL_FAST_MATH = YES;
				ONLY_ACTIVE_ARCH = YES;
				SDKROOT = iphoneos;
				SWIFT_ACTIVE_COMPILATION_CONDITIONS = DEBUG;
				SWIFT_OPTIMIZATION_LEVEL = "-Onone";
			};
			name = Debug;
		};
		08DF3CBE25AEF97200EC3AF7 /* Release */ = {
			isa = XCBuildConfiguration;
			buildSettings = {
				ALWAYS_SEARCH_USER_PATHS = NO;
				CLANG_ANALYZER_NONNULL = YES;
				CLANG_ANALYZER_NUMBER_OBJECT_CONVERSION = YES_AGGRESSIVE;
				CLANG_CXX_LANGUAGE_STANDARD = "gnu++14";
				CLANG_CXX_LIBRARY = "libc++";
				CLANG_ENABLE_MODULES = YES;
				CLANG_ENABLE_OBJC_ARC = YES;
				CLANG_ENABLE_OBJC_WEAK = YES;
				CLANG_WARN_BLOCK_CAPTURE_AUTORELEASING = YES;
				CLANG_WARN_BOOL_CONVERSION = YES;
				CLANG_WARN_COMMA = YES;
				CLANG_WARN_CONSTANT_CONVERSION = YES;
				CLANG_WARN_DEPRECATED_OBJC_IMPLEMENTATIONS = YES;
				CLANG_WARN_DIRECT_OBJC_ISA_USAGE = YES_ERROR;
				CLANG_WARN_DOCUMENTATION_COMMENTS = YES;
				CLANG_WARN_EMPTY_BODY = YES;
				CLANG_WARN_ENUM_CONVERSION = YES;
				CLANG_WARN_INFINITE_RECURSION = YES;
				CLANG_WARN_INT_CONVERSION = YES;
				CLANG_WARN_NON_LITERAL_NULL_CONVERSION = YES;
				CLANG_WARN_OBJC_IMPLICIT_RETAIN_SELF = YES;
				CLANG_WARN_OBJC_LITERAL_CONVERSION = YES;
				CLANG_WARN_OBJC_ROOT_CLASS = YES_ERROR;
				CLANG_WARN_QUOTED_INCLUDE_IN_FRAMEWORK_HEADER = YES;
				CLANG_WARN_RANGE_LOOP_ANALYSIS = YES;
				CLANG_WARN_STRICT_PROTOTYPES = YES;
				CLANG_WARN_SUSPICIOUS_MOVE = YES;
				CLANG_WARN_UNGUARDED_AVAILABILITY = YES_AGGRESSIVE;
				CLANG_WARN_UNREACHABLE_CODE = YES;
				CLANG_WARN__DUPLICATE_METHOD_MATCH = YES;
				COPY_PHASE_STRIP = NO;
				DEBUG_INFORMATION_FORMAT = "dwarf-with-dsym";
				ENABLE_NS_ASSERTIONS = NO;
				ENABLE_STRICT_OBJC_MSGSEND = YES;
				ENABLE_USER_SCRIPT_SANDBOXING = YES;
				GCC_C_LANGUAGE_STANDARD = gnu11;
				GCC_NO_COMMON_BLOCKS = YES;
				GCC_WARN_64_TO_32_BIT_CONVERSION = YES;
				GCC_WARN_ABOUT_RETURN_TYPE = YES_ERROR;
				GCC_WARN_UNDECLARED_SELECTOR = YES;
				GCC_WARN_UNINITIALIZED_AUTOS = YES_AGGRESSIVE;
				GCC_WARN_UNUSED_FUNCTION = YES;
				GCC_WARN_UNUSED_VARIABLE = YES;
				IPHONEOS_DEPLOYMENT_TARGET = 13.0;
				MTL_ENABLE_DEBUG_INFO = NO;
				MTL_FAST_MATH = YES;
				SDKROOT = iphoneos;
				SWIFT_COMPILATION_MODE = wholemodule;
				SWIFT_OPTIMIZATION_LEVEL = "-O";
				VALIDATE_PRODUCT = YES;
			};
			name = Release;
		};
		08DF3CC025AEF97200EC3AF7 /* Debug */ = {
			isa = XCBuildConfiguration;
			buildSettings = {
				ASSETCATALOG_COMPILER_APPICON_NAME = AppIcon;
				ASSETCATALOG_COMPILER_GLOBAL_ACCENT_COLOR_NAME = AccentColor;
				CODE_SIGN_ENTITLEMENTS = TelinkBleMeshSdkDemo/TelinkBleMeshSdkDemo.entitlements;
				CODE_SIGN_STYLE = Automatic;
				CURRENT_PROJECT_VERSION = 22;
				DEVELOPMENT_TEAM = HA9DE4BFZL;
				INFOPLIST_FILE = TelinkBleMeshSdkDemo/Info.plist;
				IPHONEOS_DEPLOYMENT_TARGET = 15.0;
				LD_RUNPATH_SEARCH_PATHS = (
					"$(inherited)",
					"@executable_path/Frameworks",
				);
				MARKETING_VERSION = 1.2.24;
				PRODUCT_BUNDLE_IDENTIFIER = com.sunricher.maginawin.TelinkBleMeshSdkDemo.gf;
				PRODUCT_NAME = "$(TARGET_NAME)";
				SUPPORTED_PLATFORMS = "iphoneos iphonesimulator";
				SUPPORTS_MACCATALYST = NO;
				SUPPORTS_MAC_DESIGNED_FOR_IPHONE_IPAD = NO;
				SUPPORTS_XR_DESIGNED_FOR_IPHONE_IPAD = NO;
				SWIFT_VERSION = 5.0;
				TARGETED_DEVICE_FAMILY = "1,2";
			};
			name = Debug;
		};
		08DF3CC125AEF97200EC3AF7 /* Release */ = {
			isa = XCBuildConfiguration;
			buildSettings = {
				ASSETCATALOG_COMPILER_APPICON_NAME = AppIcon;
				ASSETCATALOG_COMPILER_GLOBAL_ACCENT_COLOR_NAME = AccentColor;
				CODE_SIGN_ENTITLEMENTS = TelinkBleMeshSdkDemo/TelinkBleMeshSdkDemo.entitlements;
				CODE_SIGN_STYLE = Automatic;
				CURRENT_PROJECT_VERSION = 22;
				DEVELOPMENT_TEAM = HA9DE4BFZL;
				INFOPLIST_FILE = TelinkBleMeshSdkDemo/Info.plist;
				IPHONEOS_DEPLOYMENT_TARGET = 15.0;
				LD_RUNPATH_SEARCH_PATHS = (
					"$(inherited)",
					"@executable_path/Frameworks",
				);
				MARKETING_VERSION = 1.2.24;
				PRODUCT_BUNDLE_IDENTIFIER = com.sunricher.maginawin.TelinkBleMeshSdkDemo.gf;
				PRODUCT_NAME = "$(TARGET_NAME)";
				SUPPORTED_PLATFORMS = "iphoneos iphonesimulator";
				SUPPORTS_MACCATALYST = NO;
				SUPPORTS_MAC_DESIGNED_FOR_IPHONE_IPAD = NO;
				SUPPORTS_XR_DESIGNED_FOR_IPHONE_IPAD = NO;
				SWIFT_VERSION = 5.0;
				TARGETED_DEVICE_FAMILY = "1,2";
			};
			name = Release;
		};
		08DF3CC325AEF97200EC3AF7 /* Debug */ = {
			isa = XCBuildConfiguration;
			buildSettings = {
				ALWAYS_EMBED_SWIFT_STANDARD_LIBRARIES = YES;
				BUNDLE_LOADER = "$(TEST_HOST)";
				CODE_SIGN_STYLE = Automatic;
				DEVELOPMENT_TEAM = HA9DE4BFZL;
				INFOPLIST_FILE = TelinkBleMeshSdkDemoTests/Info.plist;
				IPHONEOS_DEPLOYMENT_TARGET = 14.2;
				LD_RUNPATH_SEARCH_PATHS = (
					"$(inherited)",
					"@executable_path/Frameworks",
					"@loader_path/Frameworks",
				);
				PRODUCT_BUNDLE_IDENTIFIER = com.sunricher.maginawin.TelinkBleMeshSdkDemoTests;
				PRODUCT_NAME = "$(TARGET_NAME)";
				SWIFT_VERSION = 5.0;
				TARGETED_DEVICE_FAMILY = "1,2";
				TEST_HOST = "$(BUILT_PRODUCTS_DIR)/TelinkBleMeshSdkDemo.app/TelinkBleMeshSdkDemo";
			};
			name = Debug;
		};
		08DF3CC425AEF97200EC3AF7 /* Release */ = {
			isa = XCBuildConfiguration;
			buildSettings = {
				ALWAYS_EMBED_SWIFT_STANDARD_LIBRARIES = YES;
				BUNDLE_LOADER = "$(TEST_HOST)";
				CODE_SIGN_STYLE = Automatic;
				DEVELOPMENT_TEAM = HA9DE4BFZL;
				INFOPLIST_FILE = TelinkBleMeshSdkDemoTests/Info.plist;
				IPHONEOS_DEPLOYMENT_TARGET = 14.2;
				LD_RUNPATH_SEARCH_PATHS = (
					"$(inherited)",
					"@executable_path/Frameworks",
					"@loader_path/Frameworks",
				);
				PRODUCT_BUNDLE_IDENTIFIER = com.sunricher.maginawin.TelinkBleMeshSdkDemoTests;
				PRODUCT_NAME = "$(TARGET_NAME)";
				SWIFT_VERSION = 5.0;
				TARGETED_DEVICE_FAMILY = "1,2";
				TEST_HOST = "$(BUILT_PRODUCTS_DIR)/TelinkBleMeshSdkDemo.app/TelinkBleMeshSdkDemo";
			};
			name = Release;
		};
/* End XCBuildConfiguration section */

/* Begin XCConfigurationList section */
		08DF3C9025AEF97000EC3AF7 /* Build configuration list for PBXProject "TelinkBleMeshSdkDemo" */ = {
			isa = XCConfigurationList;
			buildConfigurations = (
				08DF3CBD25AEF97200EC3AF7 /* Debug */,
				08DF3CBE25AEF97200EC3AF7 /* Release */,
			);
			defaultConfigurationIsVisible = 0;
			defaultConfigurationName = Release;
		};
		08DF3CBF25AEF97200EC3AF7 /* Build configuration list for PBXNativeTarget "TelinkBleMeshSdkDemo" */ = {
			isa = XCConfigurationList;
			buildConfigurations = (
				08DF3CC025AEF97200EC3AF7 /* Debug */,
				08DF3CC125AEF97200EC3AF7 /* Release */,
			);
			defaultConfigurationIsVisible = 0;
			defaultConfigurationName = Release;
		};
		08DF3CC225AEF97200EC3AF7 /* Build configuration list for PBXNativeTarget "TelinkBleMeshSdkDemoTests" */ = {
			isa = XCConfigurationList;
			buildConfigurations = (
				08DF3CC325AEF97200EC3AF7 /* Debug */,
				08DF3CC425AEF97200EC3AF7 /* Release */,
			);
			defaultConfigurationIsVisible = 0;
			defaultConfigurationName = Release;
		};
/* End XCConfigurationList section */

/* Begin XCRemoteSwiftPackageReference section */
		08995F852A9D97A500B1108E /* XCRemoteSwiftPackageReference "Toast-Swift" */ = {
			isa = XCRemoteSwiftPackageReference;
			repositoryURL = "https://gitee.com/vchen/Toast-Swift";
			requirement = {
				kind = exactVersion;
				version = 5.0.1;
			};
		};
/* End XCRemoteSwiftPackageReference section */

/* Begin XCSwiftPackageProductDependency section */
		08995F862A9D97A500B1108E /* Toast */ = {
			isa = XCSwiftPackageProductDependency;
			package = 08995F852A9D97A500B1108E /* XCRemoteSwiftPackageReference "Toast-Swift" */;
			productName = Toast;
		};
		08AD230D2643C019000468AF /* TelinkBleMesh */ = {
			isa = XCSwiftPackageProductDependency;
			productName = TelinkBleMesh;
		};
/* End XCSwiftPackageProductDependency section */
	};
	rootObject = 08DF3C8D25AEF97000EC3AF7 /* Project object */;
}
